// !$*UTF8*$!
{
	archiveVersion = 1;
	classes = {
	};
	objectVersion = 56;
	objects = {

/* Begin PBXBuildFile section */
		A5150EF9292B87FD0002F296 /* AppDelegate.swift in Sources */ = {isa = PBXBuildFile; fileRef = A5150EF8292B87FD0002F296 /* AppDelegate.swift */; };
		A5150EFB292B87FD0002F296 /* SceneDelegate.swift in Sources */ = {isa = PBXBuildFile; fileRef = A5150EFA292B87FD0002F296 /* SceneDelegate.swift */; };
		A5150EFD292B87FD0002F296 /* ViewController.swift in Sources */ = {isa = PBXBuildFile; fileRef = A5150EFC292B87FD0002F296 /* ViewController.swift */; };
		A5150F00292B87FD0002F296 /* Main.storyboard in Resources */ = {isa = PBXBuildFile; fileRef = A5150EFE292B87FD0002F296 /* Main.storyboard */; };
		A5150F03292B87FD0002F296 /* TableViewTest.xcdatamodeld in Sources */ = {isa = PBXBuildFile; fileRef = A5150F01292B87FD0002F296 /* TableViewTest.xcdatamodeld */; };
		A5150F05292B87FF0002F296 /* Assets.xcassets in Resources */ = {isa = PBXBuildFile; fileRef = A5150F04292B87FF0002F296 /* Assets.xcassets */; };
		A5150F08292B87FF0002F296 /* LaunchScreen.storyboard in Resources */ = {isa = PBXBuildFile; fileRef = A5150F06292B87FF0002F296 /* LaunchScreen.storyboard */; };
		A5150F13292B88000002F296 /* TableViewTestTests.swift in Sources */ = {isa = PBXBuildFile; fileRef = A5150F12292B88000002F296 /* TableViewTestTests.swift */; };
		A5150F1D292B88000002F296 /* TableViewTestUITests.swift in Sources */ = {isa = PBXBuildFile; fileRef = A5150F1C292B88000002F296 /* TableViewTestUITests.swift */; };
		A5150F1F292B88000002F296 /* TableViewTestUITestsLaunchTests.swift in Sources */ = {isa = PBXBuildFile; fileRef = A5150F1E292B88000002F296 /* TableViewTestUITestsLaunchTests.swift */; };
/* End PBXBuildFile section */

/* Begin PBXContainerItemProxy section */
		A5150F0F292B88000002F296 /* PBXContainerItemProxy */ = {
			isa = PBXContainerItemProxy;
			containerPortal = A5150EED292B87FC0002F296 /* Project object */;
			proxyType = 1;
			remoteGlobalIDString = A5150EF4292B87FD0002F296;
			remoteInfo = TableViewTest;
		};
		A5150F19292B88000002F296 /* PBXContainerItemProxy */ = {
			isa = PBXContainerItemProxy;
			containerPortal = A5150EED292B87FC0002F296 /* Project object */;
			proxyType = 1;
			remoteGlobalIDString = A5150EF4292B87FD0002F296;
			remoteInfo = TableViewTest;
		};
/* End PBXContainerItemProxy section */

/* Begin PBXFileReference section */
		A5150EF5292B87FD0002F296 /* TableViewTest.app */ = {isa = PBXFileReference; explicitFileType = wrapper.application; includeInIndex = 0; path = TableViewTest.app; sourceTree = BUILT_PRODUCTS_DIR; };
		A5150EF8292B87FD0002F296 /* AppDelegate.swift */ = {isa = PBXFileReference; lastKnownFileType = sourcecode.swift; path = AppDelegate.swift; sourceTree = "<group>"; };
		A5150EFA292B87FD0002F296 /* SceneDelegate.swift */ = {isa = PBXFileReference; lastKnownFileType = sourcecode.swift; path = SceneDelegate.swift; sourceTree = "<group>"; };
		A5150EFC292B87FD0002F296 /* ViewController.swift */ = {isa = PBXFileReference; lastKnownFileType = sourcecode.swift; path = ViewController.swift; sourceTree = "<group>"; };
		A5150EFF292B87FD0002F296 /* Base */ = {isa = PBXFileReference; lastKnownFileType = file.storyboard; name = Base; path = Base.lproj/Main.storyboard; sourceTree = "<group>"; };
		A5150F02292B87FD0002F296 /* TableViewTest.xcdatamodel */ = {isa = PBXFileReference; lastKnownFileType = wrapper.xcdatamodel; path = TableViewTest.xcdatamodel; sourceTree = "<group>"; };
		A5150F04292B87FF0002F296 /* Assets.xcassets */ = {isa = PBXFileReference; lastKnownFileType = folder.assetcatalog; path = Assets.xcassets; sourceTree = "<group>"; };
		A5150F07292B87FF0002F296 /* Base */ = {isa = PBXFileReference; lastKnownFileType = file.storyboard; name = Base; path = Base.lproj/LaunchScreen.storyboard; sourceTree = "<group>"; };
		A5150F09292B87FF0002F296 /* Info.plist */ = {isa = PBXFileReference; lastKnownFileType = text.plist.xml; path = Info.plist; sourceTree = "<group>"; };
		A5150F0E292B88000002F296 /* TableViewTestTests.xctest */ = {isa = PBXFileReference; explicitFileType = wrapper.cfbundle; includeInIndex = 0; path = TableViewTestTests.xctest; sourceTree = BUILT_PRODUCTS_DIR; };
		A5150F12292B88000002F296 /* TableViewTestTests.swift */ = {isa = PBXFileReference; lastKnownFileType = sourcecode.swift; path = TableViewTestTests.swift; sourceTree = "<group>"; };
		A5150F18292B88000002F296 /* TableViewTestUITests.xctest */ = {isa = PBXFileReference; explicitFileType = wrapper.cfbundle; includeInIndex = 0; path = TableViewTestUITests.xctest; sourceTree = BUILT_PRODUCTS_DIR; };
		A5150F1C292B88000002F296 /* TableViewTestUITests.swift */ = {isa = PBXFileReference; lastKnownFileType = sourcecode.swift; path = TableViewTestUITests.swift; sourceTree = "<group>"; };
		A5150F1E292B88000002F296 /* TableViewTestUITestsLaunchTests.swift */ = {isa = PBXFileReference; lastKnownFileType = sourcecode.swift; path = TableViewTestUITestsLaunchTests.swift; sourceTree = "<group>"; };
/* End PBXFileReference section */

/* Begin PBXFrameworksBuildPhase section */
		A5150EF2292B87FD0002F296 /* Frameworks */ = {
			isa = PBXFrameworksBuildPhase;
			buildActionMask = 2147483647;
			files = (
			);
			runOnlyForDeploymentPostprocessing = 0;
		};
		A5150F0B292B88000002F296 /* Frameworks */ = {
			isa = PBXFrameworksBuildPhase;
			buildActionMask = 2147483647;
			files = (
			);
			runOnlyForDeploymentPostprocessing = 0;
		};
		A5150F15292B88000002F296 /* Frameworks */ = {
			isa = PBXFrameworksBuildPhase;
			buildActionMask = 2147483647;
			files = (
			);
			runOnlyForDeploymentPostprocessing = 0;
		};
/* End PBXFrameworksBuildPhase section */

/* Begin PBXGroup section */
		A5150EEC292B87FC0002F296 = {
			isa = PBXGroup;
			children = (
				A5150EF7292B87FD0002F296 /* TableViewTest */,
				A5150F11292B88000002F296 /* TableViewTestTests */,
				A5150F1B292B88000002F296 /* TableViewTestUITests */,
				A5150EF6292B87FD0002F296 /* Products */,
			);
			sourceTree = "<group>";
		};
		A5150EF6292B87FD0002F296 /* Products */ = {
			isa = PBXGroup;
			children = (
				A5150EF5292B87FD0002F296 /* TableViewTest.app */,
				A5150F0E292B88000002F296 /* TableViewTestTests.xctest */,
				A5150F18292B88000002F296 /* TableViewTestUITests.xctest */,
			);
			name = Products;
			sourceTree = "<group>";
		};
		A5150EF7292B87FD0002F296 /* TableViewTest */ = {
			isa = PBXGroup;
			children = (
				A5150EF8292B87FD0002F296 /* AppDelegate.swift */,
				A5150EFA292B87FD0002F296 /* SceneDelegate.swift */,
				A5150EFC292B87FD0002F296 /* ViewController.swift */,
				A5150EFE292B87FD0002F296 /* Main.storyboard */,
				A5150F04292B87FF0002F296 /* Assets.xcassets */,
				A5150F06292B87FF0002F296 /* LaunchScreen.storyboard */,
				A5150F09292B87FF0002F296 /* Info.plist */,
				A5150F01292B87FD0002F296 /* TableViewTest.xcdatamodeld */,
			);
			path = TableViewTest;
			sourceTree = "<group>";
		};
		A5150F11292B88000002F296 /* TableViewTestTests */ = {
			isa = PBXGroup;
			children = (
				A5150F12292B88000002F296 /* TableViewTestTests.swift */,
			);
			path = TableViewTestTests;
			sourceTree = "<group>";
		};
		A5150F1B292B88000002F296 /* TableViewTestUITests */ = {
			isa = PBXGroup;
			children = (
				A5150F1C292B88000002F296 /* TableViewTestUITests.swift */,
				A5150F1E292B88000002F296 /* TableViewTestUITestsLaunchTests.swift */,
			);
			path = TableViewTestUITests;
			sourceTree = "<group>";
		};
/* End PBXGroup section */

/* Begin PBXNativeTarget section */
		A5150EF4292B87FD0002F296 /* TableViewTest */ = {
			isa = PBXNativeTarget;
			buildConfigurationList = A5150F22292B88000002F296 /* Build configuration list for PBXNativeTarget "TableViewTest" */;
			buildPhases = (
				A5150EF1292B87FD0002F296 /* Sources */,
				A5150EF2292B87FD0002F296 /* Frameworks */,
				A5150EF3292B87FD0002F296 /* Resources */,
			);
			buildRules = (
			);
			dependencies = (
			);
			name = TableViewTest;
			productName = TableViewTest;
			productReference = A5150EF5292B87FD0002F296 /* TableViewTest.app */;
			productType = "com.apple.product-type.application";
		};
		A5150F0D292B88000002F296 /* TableViewTestTests */ = {
			isa = PBXNativeTarget;
			buildConfigurationList = A5150F25292B88000002F296 /* Build configuration list for PBXNativeTarget "TableViewTestTests" */;
			buildPhases = (
				A5150F0A292B88000002F296 /* Sources */,
				A5150F0B292B88000002F296 /* Frameworks */,
				A5150F0C292B88000002F296 /* Resources */,
			);
			buildRules = (
			);
			dependencies = (
				A5150F10292B88000002F296 /* PBXTargetDependency */,
			);
			name = TableViewTestTests;
			productName = TableViewTestTests;
			productReference = A5150F0E292B88000002F296 /* TableViewTestTests.xctest */;
			productType = "com.apple.product-type.bundle.unit-test";
		};
		A5150F17292B88000002F296 /* TableViewTestUITests */ = {
			isa = PBXNativeTarget;
			buildConfigurationList = A5150F28292B88000002F296 /* Build configuration list for PBXNativeTarget "TableViewTestUITests" */;
			buildPhases = (
				A5150F14292B88000002F296 /* Sources */,
				A5150F15292B88000002F296 /* Frameworks */,
				A5150F16292B88000002F296 /* Resources */,
			);
			buildRules = (
			);
			dependencies = (
				A5150F1A292B88000002F296 /* PBXTargetDependency */,
			);
			name = TableViewTestUITests;
			productName = TableViewTestUITests;
			productReference = A5150F18292B88000002F296 /* TableViewTestUITests.xctest */;
			productType = "com.apple.product-type.bundle.ui-testing";
		};
/* End PBXNativeTarget section */

/* Begin PBXProject section */
		A5150EED292B87FC0002F296 /* Project object */ = {
			isa = PBXProject;
			attributes = {
				BuildIndependentTargetsInParallel = 1;
				LastSwiftUpdateCheck = 1410;
				LastUpgradeCheck = 1410;
				TargetAttributes = {
					A5150EF4292B87FD0002F296 = {
						CreatedOnToolsVersion = 14.1;
					};
					A5150F0D292B88000002F296 = {
						CreatedOnToolsVersion = 14.1;
						TestTargetID = A5150EF4292B87FD0002F296;
					};
					A5150F17292B88000002F296 = {
						CreatedOnToolsVersion = 14.1;
						TestTargetID = A5150EF4292B87FD0002F296;
					};
				};
			};
			buildConfigurationList = A5150EF0292B87FC0002F296 /* Build configuration list for PBXProject "TableViewTest" */;
			compatibilityVersion = "Xcode 14.0";
			developmentRegion = en;
			hasScannedForEncodings = 0;
			knownRegions = (
				en,
				Base,
			);
			mainGroup = A5150EEC292B87FC0002F296;
			productRefGroup = A5150EF6292B87FD0002F296 /* Products */;
			projectDirPath = "";
			projectRoot = "";
			targets = (
				A5150EF4292B87FD0002F296 /* TableViewTest */,
				A5150F0D292B88000002F296 /* TableViewTestTests */,
				A5150F17292B88000002F296 /* TableViewTestUITests */,
			);
		};
/* End PBXProject section */

/* Begin PBXResourcesBuildPhase section */
		A5150EF3292B87FD0002F296 /* Resources */ = {
			isa = PBXResourcesBuildPhase;
			buildActionMask = 2147483647;
			files = (
				A5150F08292B87FF0002F296 /* LaunchScreen.storyboard in Resources */,
				A5150F05292B87FF0002F296 /* Assets.xcassets in Resources */,
				A5150F00292B87FD0002F296 /* Main.storyboard in Resources */,
			);
			runOnlyForDeploymentPostprocessing = 0;
		};
		A5150F0C292B88000002F296 /* Resources */ = {
			isa = PBXResourcesBuildPhase;
			buildActionMask = 2147483647;
			files = (
			);
			runOnlyForDeploymentPostprocessing = 0;
		};
		A5150F16292B88000002F296 /* Resources */ = {
			isa = PBXResourcesBuildPhase;
			buildActionMask = 2147483647;
			files = (
			);
			runOnlyForDeploymentPostprocessing = 0;
		};
/* End PBXResourcesBuildPhase section */

/* Begin PBXSourcesBuildPhase section */
		A5150EF1292B87FD0002F296 /* Sources */ = {
			isa = PBXSourcesBuildPhase;
			buildActionMask = 2147483647;
			files = (
				A5150EFD292B87FD0002F296 /* ViewController.swift in Sources */,
				A5150F03292B87FD0002F296 /* TableViewTest.xcdatamodeld in Sources */,
				A5150EF9292B87FD0002F296 /* AppDelegate.swift in Sources */,
				A5150EFB292B87FD0002F296 /* SceneDelegate.swift in Sources */,
			);
			runOnlyForDeploymentPostprocessing = 0;
		};
		A5150F0A292B88000002F296 /* Sources */ = {
			isa = PBXSourcesBuildPhase;
			buildActionMask = 2147483647;
			files = (
				A5150F13292B88000002F296 /* TableViewTestTests.swift in Sources */,
			);
			runOnlyForDeploymentPostprocessing = 0;
		};
		A5150F14292B88000002F296 /* Sources */ = {
			isa = PBXSourcesBuildPhase;
			buildActionMask = 2147483647;
			files = (
				A5150F1F292B88000002F296 /* TableViewTestUITestsLaunchTests.swift in Sources */,
				A5150F1D292B88000002F296 /* TableViewTestUITests.swift in Sources */,
			);
			runOnlyForDeploymentPostprocessing = 0;
		};
/* End PBXSourcesBuildPhase section */

/* Begin PBXTargetDependency section */
		A5150F10292B88000002F296 /* PBXTargetDependency */ = {
			isa = PBXTargetDependency;
			target = A5150EF4292B87FD0002F296 /* TableViewTest */;
			targetProxy = A5150F0F292B88000002F296 /* PBXContainerItemProxy */;
		};
		A5150F1A292B88000002F296 /* PBXTargetDependency */ = {
			isa = PBXTargetDependency;
			target = A5150EF4292B87FD0002F296 /* TableViewTest */;
			targetProxy = A5150F19292B88000002F296 /* PBXContainerItemProxy */;
		};
/* End PBXTargetDependency section */

/* Begin PBXVariantGroup section */
		A5150EFE292B87FD0002F296 /* Main.storyboard */ = {
			isa = PBXVariantGroup;
			children = (
				A5150EFF292B87FD0002F296 /* Base */,
			);
			name = Main.storyboard;
			sourceTree = "<group>";
		};
		A5150F06292B87FF0002F296 /* LaunchScreen.storyboard */ = {
			isa = PBXVariantGroup;
			children = (
				A5150F07292B87FF0002F296 /* Base */,
			);
			name = LaunchScreen.storyboard;
			sourceTree = "<group>";
		};
/* End PBXVariantGroup section */

/* Begin XCBuildConfiguration section */
		A5150F20292B88000002F296 /* Debug */ = {
			isa = XCBuildConfiguration;
			buildSettings = {
				ALWAYS_SEARCH_USER_PATHS = NO;
				CLANG_ANALYZER_NONNULL = YES;
				CLANG_ANALYZER_NUMBER_OBJECT_CONVERSION = YES_AGGRESSIVE;
				CLANG_CXX_LANGUAGE_STANDARD = "gnu++20";
				CLANG_ENABLE_MODULES = YES;
				CLANG_ENABLE_OBJC_ARC = YES;
				CLANG_ENABLE_OBJC_WEAK = YES;
				CLANG_WARN_BLOCK_CAPTURE_AUTORELEASING = YES;
				CLANG_WARN_BOOL_CONVERSION = YES;
				CLANG_WARN_COMMA = YES;
				CLANG_WARN_CONSTANT_CONVERSION = YES;
				CLANG_WARN_DEPRECATED_OBJC_IMPLEMENTATIONS = YES;
				CLANG_WARN_DIRECT_OBJC_ISA_USAGE = YES_ERROR;
				CLANG_WARN_DOCUMENTATION_COMMENTS = YES;
				CLANG_WARN_EMPTY_BODY = YES;
				CLANG_WARN_ENUM_CONVERSION = YES;
				CLANG_WARN_INFINITE_RECURSION = YES;
				CLANG_WARN_INT_CONVERSION = YES;
				CLANG_WARN_NON_LITERAL_NULL_CONVERSION = YES;
				CLANG_WARN_OBJC_IMPLICIT_RETAIN_SELF = YES;
				CLANG_WARN_OBJC_LITERAL_CONVERSION = YES;
				CLANG_WARN_OBJC_ROOT_CLASS = YES_ERROR;
				CLANG_WARN_QUOTED_INCLUDE_IN_FRAMEWORK_HEADER = YES;
				CLANG_WARN_RANGE_LOOP_ANALYSIS = YES;
				CLANG_WARN_STRICT_PROTOTYPES = YES;
				CLANG_WARN_SUSPICIOUS_MOVE = YES;
				CLANG_WARN_UNGUARDED_AVAILABILITY = YES_AGGRESSIVE;
				CLANG_WARN_UNREACHABLE_CODE = YES;
				CLANG_WARN__DUPLICATE_METHOD_MATCH = YES;
				COPY_PHASE_STRIP = NO;
				DEBUG_INFORMATION_FORMAT = dwarf;
				ENABLE_STRICT_OBJC_MSGSEND = YES;
				ENABLE_TESTABILITY = YES;
				GCC_C_LANGUAGE_STANDARD = gnu11;
				GCC_DYNAMIC_NO_PIC = NO;
				GCC_NO_COMMON_BLOCKS = YES;
				GCC_OPTIMIZATION_LEVEL = 0;
				GCC_PREPROCESSOR_DEFINITIONS = (
					"DEBUG=1",
					"$(inherited)",
				);
				GCC_WARN_64_TO_32_BIT_CONVERSION = YES;
				GCC_WARN_ABOUT_RETURN_TYPE = YES_ERROR;
				GCC_WARN_UNDECLARED_SELECTOR = YES;
				GCC_WARN_UNINITIALIZED_AUTOS = YES_AGGRESSIVE;
				GCC_WARN_UNUSED_FUNCTION = YES;
				GCC_WARN_UNUSED_VARIABLE = YES;
				IPHONEOS_DEPLOYMENT_TARGET = 16.1;
				MTL_ENABLE_DEBUG_INFO = INCLUDE_SOURCE;
				MTL_FAST_MATH = YES;
				ONLY_ACTIVE_ARCH = YES;
				SDKROOT = iphoneos;
				SWIFT_ACTIVE_COMPILATION_CONDITIONS = DEBUG;
				SWIFT_OPTIMIZATION_LEVEL = "-Onone";
			};
			name = Debug;
		};
		A5150F21292B88000002F296 /* Release */ = {
			isa = XCBuildConfiguration;
			buildSettings = {
				ALWAYS_SEARCH_USER_PATHS = NO;
				CLANG_ANALYZER_NONNULL = YES;
				CLANG_ANALYZER_NUMBER_OBJECT_CONVERSION = YES_AGGRESSIVE;
				CLANG_CXX_LANGUAGE_STANDARD = "gnu++20";
				CLANG_ENABLE_MODULES = YES;
				CLANG_ENABLE_OBJC_ARC = YES;
				CLANG_ENABLE_OBJC_WEAK = YES;
				CLANG_WARN_BLOCK_CAPTURE_AUTORELEASING = YES;
				CLANG_WARN_BOOL_CONVERSION = YES;
				CLANG_WARN_COMMA = YES;
				CLANG_WARN_CONSTANT_CONVERSION = YES;
				CLANG_WARN_DEPRECATED_OBJC_IMPLEMENTATIONS = YES;
				CLANG_WARN_DIRECT_OBJC_ISA_USAGE = YES_ERROR;
				CLANG_WARN_DOCUMENTATION_COMMENTS = YES;
				CLANG_WARN_EMPTY_BODY = YES;
				CLANG_WARN_ENUM_CONVERSION = YES;
				CLANG_WARN_INFINITE_RECURSION = YES;
				CLANG_WARN_INT_CONVERSION = YES;
				CLANG_WARN_NON_LITERAL_NULL_CONVERSION = YES;
				CLANG_WARN_OBJC_IMPLICIT_RETAIN_SELF = YES;
				CLANG_WARN_OBJC_LITERAL_CONVERSION = YES;
				CLANG_WARN_OBJC_ROOT_CLASS = YES_ERROR;
				CLANG_WARN_QUOTED_INCLUDE_IN_FRAMEWORK_HEADER = YES;
				CLANG_WARN_RANGE_LOOP_ANALYSIS = YES;
				CLANG_WARN_STRICT_PROTOTYPES = YES;
				CLANG_WARN_SUSPICIOUS_MOVE = YES;
				CLANG_WARN_UNGUARDED_AVAILABILITY = YES_AGGRESSIVE;
				CLANG_WARN_UNREACHABLE_CODE = YES;
				CLANG_WARN__DUPLICATE_METHOD_MATCH = YES;
				COPY_PHASE_STRIP = NO;
				DEBUG_INFORMATION_FORMAT = "dwarf-with-dsym";
				ENABLE_NS_ASSERTIONS = NO;
				ENABLE_STRICT_OBJC_MSGSEND = YES;
				GCC_C_LANGUAGE_STANDARD = gnu11;
				GCC_NO_COMMON_BLOCKS = YES;
				GCC_WARN_64_TO_32_BIT_CONVERSION = YES;
				GCC_WARN_ABOUT_RETURN_TYPE = YES_ERROR;
				GCC_WARN_UNDECLARED_SELECTOR = YES;
				GCC_WARN_UNINITIALIZED_AUTOS = YES_AGGRESSIVE;
				GCC_WARN_UNUSED_FUNCTION = YES;
				GCC_WARN_UNUSED_VARIABLE = YES;
				IPHONEOS_DEPLOYMENT_TARGET = 16.1;
				MTL_ENABLE_DEBUG_INFO = NO;
				MTL_FAST_MATH = YES;
				SDKROOT = iphoneos;
				SWIFT_COMPILATION_MODE = wholemodule;
				SWIFT_OPTIMIZATION_LEVEL = "-O";
				VALIDATE_PRODUCT = YES;
			};
			name = Release;
		};
		A5150F23292B88000002F296 /* Debug */ = {
			isa = XCBuildConfiguration;
			buildSettings = {
				ASSETCATALOG_COMPILER_APPICON_NAME = AppIcon;
				ASSETCATALOG_COMPILER_GLOBAL_ACCENT_COLOR_NAME = AccentColor;
				CODE_SIGN_STYLE = Automatic;
				CURRENT_PROJECT_VERSION = 1;
				GENERATE_INFOPLIST_FILE = YES;
				INFOPLIST_FILE = TableViewTest/Info.plist;
				INFOPLIST_KEY_UIApplicationSupportsIndirectInputEvents = YES;
				INFOPLIST_KEY_UILaunchStoryboardName = LaunchScreen;
				INFOPLIST_KEY_UIMainStoryboardFile = Main;
				INFOPLIST_KEY_UISupportedInterfaceOrientations_iPad = "UIInterfaceOrientationPortrait UIInterfaceOrientationPortraitUpsideDown UIInterfaceOrientationLandscapeLeft UIInterfaceOrientationLandscapeRight";
				INFOPLIST_KEY_UISupportedInterfaceOrientations_iPhone = "UIInterfaceOrientationPortrait UIInterfaceOrientationLandscapeLeft UIInterfaceOrientationLandscapeRight";
				LD_RUNPATH_SEARCH_PATHS = (
					"$(inherited)",
					"@executable_path/Frameworks",
				);
				MARKETING_VERSION = 1.0;
				PRODUCT_BUNDLE_IDENTIFIER = demo.TableViewTest;
				PRODUCT_NAME = "$(TARGET_NAME)";
				SWIFT_EMIT_LOC_STRINGS = YES;
				SWIFT_VERSION = 5.0;
				TARGETED_DEVICE_FAMILY = "1,2";
			};
			name = Debug;
		};
		A5150F24292B88000002F296 /* Release */ = {
			isa = XCBuildConfiguration;
			buildSettings = {
				ASSETCATALOG_COMPILER_APPICON_NAME = AppIcon;
				ASSETCATALOG_COMPILER_GLOBAL_ACCENT_COLOR_NAME = AccentColor;
				CODE_SIGN_STYLE = Automatic;
				CURRENT_PROJECT_VERSION = 1;
				GENERATE_INFOPLIST_FILE = YES;
				INFOPLIST_FILE = TableViewTest/Info.plist;
				INFOPLIST_KEY_UIApplicationSupportsIndirectInputEvents = YES;
				INFOPLIST_KEY_UILaunchStoryboardName = LaunchScreen;
				INFOPLIST_KEY_UIMainStoryboardFile = Main;
				INFOPLIST_KEY_UISupportedInterfaceOrientations_iPad = "UIInterfaceOrientationPortrait UIInterfaceOrientationPortraitUpsideDown UIInterfaceOrientationLandscapeLeft UIInterfaceOrientationLandscapeRight";
				INFOPLIST_KEY_UISupportedInterfaceOrientations_iPhone = "UIInterfaceOrientationPortrait UIInterfaceOrientationLandscapeLeft UIInterfaceOrientationLandscapeRight";
				LD_RUNPATH_SEARCH_PATHS = (
					"$(inherited)",
					"@executable_path/Frameworks",
				);
				MARKETING_VERSION = 1.0;
				PRODUCT_BUNDLE_IDENTIFIER = demo.TableViewTest;
				PRODUCT_NAME = "$(TARGET_NAME)";
				SWIFT_EMIT_LOC_STRINGS = YES;
				SWIFT_VERSION = 5.0;
				TARGETED_DEVICE_FAMILY = "1,2";
			};
			name = Release;
		};
		A5150F26292B88000002F296 /* Debug */ = {
			isa = XCBuildConfiguration;
			buildSettings = {
				ALWAYS_EMBED_SWIFT_STANDARD_LIBRARIES = YES;
				BUNDLE_LOADER = "$(TEST_HOST)";
				CODE_SIGN_STYLE = Automatic;
				CURRENT_PROJECT_VERSION = 1;
				GENERATE_INFOPLIST_FILE = YES;
				IPHONEOS_DEPLOYMENT_TARGET = 16.1;
				MARKETING_VERSION = 1.0;
				PRODUCT_BUNDLE_IDENTIFIER = demo.TableViewTestTests;
				PRODUCT_NAME = "$(TARGET_NAME)";
				SWIFT_EMIT_LOC_STRINGS = NO;
				SWIFT_VERSION = 5.0;
				TARGETED_DEVICE_FAMILY = "1,2";
				TEST_HOST = "$(BUILT_PRODUCTS_DIR)/TableViewTest.app/$(BUNDLE_EXECUTABLE_FOLDER_PATH)/TableViewTest";
			};
			name = Debug;
		};
		A5150F27292B88000002F296 /* Release */ = {
			isa = XCBuildConfiguration;
			buildSettings = {
				ALWAYS_EMBED_SWIFT_STANDARD_LIBRARIES = YES;
				BUNDLE_LOADER = "$(TEST_HOST)";
				CODE_SIGN_STYLE = Automatic;
				CURRENT_PROJECT_VERSION = 1;
				GENERATE_INFOPLIST_FILE = YES;
				IPHONEOS_DEPLOYMENT_TARGET = 16.1;
				MARKETING_VERSION = 1.0;
				PRODUCT_BUNDLE_IDENTIFIER = demo.TableViewTestTests;
				PRODUCT_NAME = "$(TARGET_NAME)";
				SWIFT_EMIT_LOC_STRINGS = NO;
				SWIFT_VERSION = 5.0;
				TARGETED_DEVICE_FAMILY = "1,2";
				TEST_HOST = "$(BUILT_PRODUCTS_DIR)/TableViewTest.app/$(BUNDLE_EXECUTABLE_FOLDER_PATH)/TableViewTest";
			};
			name = Release;
		};
		A5150F29292B88000002F296 /* Debug */ = {
			isa = XCBuildConfiguration;
			buildSettings = {
				ALWAYS_EMBED_SWIFT_STANDARD_LIBRARIES = YES;
				CODE_SIGN_STYLE = Automatic;
				CURRENT_PROJECT_VERSION = 1;
				GENERATE_INFOPLIST_FILE = YES;
				MARKETING_VERSION = 1.0;
				PRODUCT_BUNDLE_IDENTIFIER = demo.TableViewTestUITests;
				PRODUCT_NAME = "$(TARGET_NAME)";
				SWIFT_EMIT_LOC_STRINGS = NO;
				SWIFT_VERSION = 5.0;
				TARGETED_DEVICE_FAMILY = "1,2";
				TEST_TARGET_NAME = TableViewTest;
			};
			name = Debug;
		};
		A5150F2A292B88000002F296 /* Release */ = {
			isa = XCBuildConfiguration;
			buildSettings = {
				ALWAYS_EMBED_SWIFT_STANDARD_LIBRARIES = YES;
				CODE_SIGN_STYLE = Automatic;
				CURRENT_PROJECT_VERSION = 1;
				GENERATE_INFOPLIST_FILE = YES;
				MARKETING_VERSION = 1.0;
				PRODUCT_BUNDLE_IDENTIFIER = demo.TableViewTestUITests;
				PRODUCT_NAME = "$(TARGET_NAME)";
				SWIFT_EMIT_LOC_STRINGS = NO;
				SWIFT_VERSION = 5.0;
				TARGETED_DEVICE_FAMILY = "1,2";
				TEST_TARGET_NAME = TableViewTest;
			};
			name = Release;
		};
/* End XCBuildConfiguration section */

/* Begin XCConfigurationList section */
		A5150EF0292B87FC0002F296 /* Build configuration list for PBXProject "TableViewTest" */ = {
			isa = XCConfigurationList;
			buildConfigurations = (
				A5150F20292B88000002F296 /* Debug */,
				A5150F21292B88000002F296 /* Release */,
			);
			defaultConfigurationIsVisible = 0;
			defaultConfigurationName = Release;
		};
		A5150F22292B88000002F296 /* Build configuration list for PBXNativeTarget "TableViewTest" */ = {
			isa = XCConfigurationList;
			buildConfigurations = (
				A5150F23292B88000002F296 /* Debug */,
				A5150F24292B88000002F296 /* Release */,
			);
			defaultConfigurationIsVisible = 0;
			defaultConfigurationName = Release;
		};
		A5150F25292B88000002F296 /* Build configuration list for PBXNativeTarget "TableViewTestTests" */ = {
			isa = XCConfigurationList;
			buildConfigurations = (
				A5150F26292B88000002F296 /* Debug */,
				A5150F27292B88000002F296 /* Release */,
			);
			defaultConfigurationIsVisible = 0;
			defaultConfigurationName = Release;
		};
		A5150F28292B88000002F296 /* Build configuration list for PBXNativeTarget "TableViewTestUITests" */ = {
			isa = XCConfigurationList;
			buildConfigurations = (
				A5150F29292B88000002F296 /* Debug */,
				A5150F2A292B88000002F296 /* Release */,
			);
			defaultConfigurationIsVisible = 0;
			defaultConfigurationName = Release;
		};
/* End XCConfigurationList section */

/* Begin XCVersionGroup section */
		A5150F01292B87FD0002F296 /* TableViewTest.xcdatamodeld */ = {
			isa = XCVersionGroup;
			children = (
				A5150F02292B87FD0002F296 /* TableViewTest.xcdatamodel */,
			);
			currentVersion = A5150F02292B87FD0002F296 /* TableViewTest.xcdatamodel */;
			path = TableViewTest.xcdatamodeld;
			sourceTree = "<group>";
			versionGroupType = wrapper.xcdatamodel;
		};
/* End XCVersionGroup section */
	};
	rootObject = A5150EED292B87FC0002F296 /* Project object */;
}
