// !$*UTF8*$!
{
	archiveVersion = 1;
	classes = {
	};
	objectVersion = 55;
	objects = {

/* Begin PBXBuildFile section */
		01AC446346C2F8B21E03D2E8 /* Pods_Lifecycle.framework in Frameworks */ = {isa = PBXBuildFile; fileRef = C9D12F6864812A02C67B9531 /* Pods_Lifecycle.framework */; };
		30E574E69AAB168F29C06891 /* Pods_Lifecycle_LifecycleUITests.framework in Frameworks */ = {isa = PBXBuildFile; fileRef = FC70CF0BE4EF3B7E823AC90F /* Pods_Lifecycle_LifecycleUITests.framework */; };
		A54CF13228C7601900A3437B /* AppDelegate.swift in Sources */ = {isa = PBXBuildFile; fileRef = A54CF13128C7601900A3437B /* AppDelegate.swift */; };
		A54CF13428C7601900A3437B /* SceneDelegate.swift in Sources */ = {isa = PBXBuildFile; fileRef = A54CF13328C7601900A3437B /* SceneDelegate.swift */; };
		A54CF13628C7601900A3437B /* ViewController.swift in Sources */ = {isa = PBXBuildFile; fileRef = A54CF13528C7601900A3437B /* ViewController.swift */; };
		A54CF13928C7601900A3437B /* Main.storyboard in Resources */ = {isa = PBXBuildFile; fileRef = A54CF13728C7601900A3437B /* Main.storyboard */; };
		A54CF13B28C7601B00A3437B /* Assets.xcassets in Resources */ = {isa = PBXBuildFile; fileRef = A54CF13A28C7601B00A3437B /* Assets.xcassets */; };
		A54CF13E28C7601B00A3437B /* LaunchScreen.storyboard in Resources */ = {isa = PBXBuildFile; fileRef = A54CF13C28C7601B00A3437B /* LaunchScreen.storyboard */; };
		A54CF14928C7601B00A3437B /* LifecycleTests.swift in Sources */ = {isa = PBXBuildFile; fileRef = A54CF14828C7601B00A3437B /* LifecycleTests.swift */; };
		A54CF15328C7601B00A3437B /* LifecycleUITests.swift in Sources */ = {isa = PBXBuildFile; fileRef = A54CF15228C7601B00A3437B /* LifecycleUITests.swift */; };
		A54CF15528C7601B00A3437B /* LifecycleUITestsLaunchTests.swift in Sources */ = {isa = PBXBuildFile; fileRef = A54CF15428C7601B00A3437B /* LifecycleUITestsLaunchTests.swift */; };
		F18675A3D8F1C2A918A50651 /* Pods_LifecycleTests.framework in Frameworks */ = {isa = PBXBuildFile; fileRef = B1331EEB8B0AEDFD1B730A98 /* Pods_LifecycleTests.framework */; };
/* End PBXBuildFile section */

/* Begin PBXContainerItemProxy section */
		A54CF14528C7601B00A3437B /* PBXContainerItemProxy */ = {
			isa = PBXContainerItemProxy;
			containerPortal = A54CF12628C7601800A3437B /* Project object */;
			proxyType = 1;
			remoteGlobalIDString = A54CF12D28C7601900A3437B;
			remoteInfo = Lifecycle;
		};
		A54CF14F28C7601B00A3437B /* PBXContainerItemProxy */ = {
			isa = PBXContainerItemProxy;
			containerPortal = A54CF12628C7601800A3437B /* Project object */;
			proxyType = 1;
			remoteGlobalIDString = A54CF12D28C7601900A3437B;
			remoteInfo = Lifecycle;
		};
/* End PBXContainerItemProxy section */

/* Begin PBXFileReference section */
		4BFC07C42FE761523337E4AD /* Pods-LifecycleTests.release.xcconfig */ = {isa = PBXFileReference; includeInIndex = 1; lastKnownFileType = text.xcconfig; name = "Pods-LifecycleTests.release.xcconfig"; path = "Target Support Files/Pods-LifecycleTests/Pods-LifecycleTests.release.xcconfig"; sourceTree = "<group>"; };
		4EFACBDE0F0554CE5AE70355 /* Pods-Lifecycle.release.xcconfig */ = {isa = PBXFileReference; includeInIndex = 1; lastKnownFileType = text.xcconfig; name = "Pods-Lifecycle.release.xcconfig"; path = "Target Support Files/Pods-Lifecycle/Pods-Lifecycle.release.xcconfig"; sourceTree = "<group>"; };
		66C1D6185BBE74842BFA6777 /* Pods-Lifecycle.debug.xcconfig */ = {isa = PBXFileReference; includeInIndex = 1; lastKnownFileType = text.xcconfig; name = "Pods-Lifecycle.debug.xcconfig"; path = "Target Support Files/Pods-Lifecycle/Pods-Lifecycle.debug.xcconfig"; sourceTree = "<group>"; };
		9FE00ABA637D829ADBDFCCF2 /* Pods-Lifecycle-LifecycleUITests.debug.xcconfig */ = {isa = PBXFileReference; includeInIndex = 1; lastKnownFileType = text.xcconfig; name = "Pods-Lifecycle-LifecycleUITests.debug.xcconfig"; path = "Target Support Files/Pods-Lifecycle-LifecycleUITests/Pods-Lifecycle-LifecycleUITests.debug.xcconfig"; sourceTree = "<group>"; };
		A54CF12E28C7601900A3437B /* Lifecycle.app */ = {isa = PBXFileReference; explicitFileType = wrapper.application; includeInIndex = 0; path = Lifecycle.app; sourceTree = BUILT_PRODUCTS_DIR; };
		A54CF13128C7601900A3437B /* AppDelegate.swift */ = {isa = PBXFileReference; lastKnownFileType = sourcecode.swift; path = AppDelegate.swift; sourceTree = "<group>"; };
		A54CF13328C7601900A3437B /* SceneDelegate.swift */ = {isa = PBXFileReference; lastKnownFileType = sourcecode.swift; path = SceneDelegate.swift; sourceTree = "<group>"; };
		A54CF13528C7601900A3437B /* ViewController.swift */ = {isa = PBXFileReference; lastKnownFileType = sourcecode.swift; path = ViewController.swift; sourceTree = "<group>"; };
		A54CF13828C7601900A3437B /* Base */ = {isa = PBXFileReference; lastKnownFileType = file.storyboard; name = Base; path = Base.lproj/Main.storyboard; sourceTree = "<group>"; };
		A54CF13A28C7601B00A3437B /* Assets.xcassets */ = {isa = PBXFileReference; lastKnownFileType = folder.assetcatalog; path = Assets.xcassets; sourceTree = "<group>"; };
		A54CF13D28C7601B00A3437B /* Base */ = {isa = PBXFileReference; lastKnownFileType = file.storyboard; name = Base; path = Base.lproj/LaunchScreen.storyboard; sourceTree = "<group>"; };
		A54CF13F28C7601B00A3437B /* Info.plist */ = {isa = PBXFileReference; lastKnownFileType = text.plist.xml; path = Info.plist; sourceTree = "<group>"; };
		A54CF14428C7601B00A3437B /* LifecycleTests.xctest */ = {isa = PBXFileReference; explicitFileType = wrapper.cfbundle; includeInIndex = 0; path = LifecycleTests.xctest; sourceTree = BUILT_PRODUCTS_DIR; };
		A54CF14828C7601B00A3437B /* LifecycleTests.swift */ = {isa = PBXFileReference; lastKnownFileType = sourcecode.swift; path = LifecycleTests.swift; sourceTree = "<group>"; };
		A54CF14E28C7601B00A3437B /* LifecycleUITests.xctest */ = {isa = PBXFileReference; explicitFileType = wrapper.cfbundle; includeInIndex = 0; path = LifecycleUITests.xctest; sourceTree = BUILT_PRODUCTS_DIR; };
		A54CF15228C7601B00A3437B /* LifecycleUITests.swift */ = {isa = PBXFileReference; lastKnownFileType = sourcecode.swift; path = LifecycleUITests.swift; sourceTree = "<group>"; };
		A54CF15428C7601B00A3437B /* LifecycleUITestsLaunchTests.swift */ = {isa = PBXFileReference; lastKnownFileType = sourcecode.swift; path = LifecycleUITestsLaunchTests.swift; sourceTree = "<group>"; };
		B1331EEB8B0AEDFD1B730A98 /* Pods_LifecycleTests.framework */ = {isa = PBXFileReference; explicitFileType = wrapper.framework; includeInIndex = 0; path = Pods_LifecycleTests.framework; sourceTree = BUILT_PRODUCTS_DIR; };
		C6CC482BFA0EAF306C5A4690 /* Pods-LifecycleTests.debug.xcconfig */ = {isa = PBXFileReference; includeInIndex = 1; lastKnownFileType = text.xcconfig; name = "Pods-LifecycleTests.debug.xcconfig"; path = "Target Support Files/Pods-LifecycleTests/Pods-LifecycleTests.debug.xcconfig"; sourceTree = "<group>"; };
		C9D12F6864812A02C67B9531 /* Pods_Lifecycle.framework */ = {isa = PBXFileReference; explicitFileType = wrapper.framework; includeInIndex = 0; path = Pods_Lifecycle.framework; sourceTree = BUILT_PRODUCTS_DIR; };
		EED8F39F7E11820E11C84D79 /* Pods-Lifecycle-LifecycleUITests.release.xcconfig */ = {isa = PBXFileReference; includeInIndex = 1; lastKnownFileType = text.xcconfig; name = "Pods-Lifecycle-LifecycleUITests.release.xcconfig"; path = "Target Support Files/Pods-Lifecycle-LifecycleUITests/Pods-Lifecycle-LifecycleUITests.release.xcconfig"; sourceTree = "<group>"; };
		FC70CF0BE4EF3B7E823AC90F /* Pods_Lifecycle_LifecycleUITests.framework */ = {isa = PBXFileReference; explicitFileType = wrapper.framework; includeInIndex = 0; path = Pods_Lifecycle_LifecycleUITests.framework; sourceTree = BUILT_PRODUCTS_DIR; };
/* End PBXFileReference section */

/* Begin PBXFrameworksBuildPhase section */
		A54CF12B28C7601900A3437B /* Frameworks */ = {
			isa = PBXFrameworksBuildPhase;
			buildActionMask = 2147483647;
			files = (
				01AC446346C2F8B21E03D2E8 /* Pods_Lifecycle.framework in Frameworks */,
			);
			runOnlyForDeploymentPostprocessing = 0;
		};
		A54CF14128C7601B00A3437B /* Frameworks */ = {
			isa = PBXFrameworksBuildPhase;
			buildActionMask = 2147483647;
			files = (
				F18675A3D8F1C2A918A50651 /* Pods_LifecycleTests.framework in Frameworks */,
			);
			runOnlyForDeploymentPostprocessing = 0;
		};
		A54CF14B28C7601B00A3437B /* Frameworks */ = {
			isa = PBXFrameworksBuildPhase;
			buildActionMask = 2147483647;
			files = (
				30E574E69AAB168F29C06891 /* Pods_Lifecycle_LifecycleUITests.framework in Frameworks */,
			);
			runOnlyForDeploymentPostprocessing = 0;
		};
/* End PBXFrameworksBuildPhase section */

/* Begin PBXGroup section */
		1DE1A2364684A2ACE70161F0 /* Pods */ = {
			isa = PBXGroup;
			children = (
				66C1D6185BBE74842BFA6777 /* Pods-Lifecycle.debug.xcconfig */,
				4EFACBDE0F0554CE5AE70355 /* Pods-Lifecycle.release.xcconfig */,
				9FE00ABA637D829ADBDFCCF2 /* Pods-Lifecycle-LifecycleUITests.debug.xcconfig */,
				EED8F39F7E11820E11C84D79 /* Pods-Lifecycle-LifecycleUITests.release.xcconfig */,
				C6CC482BFA0EAF306C5A4690 /* Pods-LifecycleTests.debug.xcconfig */,
				4BFC07C42FE761523337E4AD /* Pods-LifecycleTests.release.xcconfig */,
			);
			name = Pods;
			path = Pods;
			sourceTree = "<group>";
		};
		455CB90A06195A91FC050499 /* Frameworks */ = {
			isa = PBXGroup;
			children = (
				C9D12F6864812A02C67B9531 /* Pods_Lifecycle.framework */,
				FC70CF0BE4EF3B7E823AC90F /* Pods_Lifecycle_LifecycleUITests.framework */,
				B1331EEB8B0AEDFD1B730A98 /* Pods_LifecycleTests.framework */,
			);
			name = Frameworks;
			sourceTree = "<group>";
		};
		A54CF12528C7601800A3437B = {
			isa = PBXGroup;
			children = (
				A54CF13028C7601900A3437B /* Lifecycle */,
				A54CF14728C7601B00A3437B /* LifecycleTests */,
				A54CF15128C7601B00A3437B /* LifecycleUITests */,
				A54CF12F28C7601900A3437B /* Products */,
				1DE1A2364684A2ACE70161F0 /* Pods */,
				455CB90A06195A91FC050499 /* Frameworks */,
			);
			sourceTree = "<group>";
		};
		A54CF12F28C7601900A3437B /* Products */ = {
			isa = PBXGroup;
			children = (
				A54CF12E28C7601900A3437B /* Lifecycle.app */,
				A54CF14428C7601B00A3437B /* LifecycleTests.xctest */,
				A54CF14E28C7601B00A3437B /* LifecycleUITests.xctest */,
			);
			name = Products;
			sourceTree = "<group>";
		};
		A54CF13028C7601900A3437B /* Lifecycle */ = {
			isa = PBXGroup;
			children = (
				A54CF13128C7601900A3437B /* AppDelegate.swift */,
				A54CF13328C7601900A3437B /* SceneDelegate.swift */,
				A54CF13528C7601900A3437B /* ViewController.swift */,
				A54CF13728C7601900A3437B /* Main.storyboard */,
				A54CF13A28C7601B00A3437B /* Assets.xcassets */,
				A54CF13C28C7601B00A3437B /* LaunchScreen.storyboard */,
				A54CF13F28C7601B00A3437B /* Info.plist */,
			);
			path = Lifecycle;
			sourceTree = "<group>";
		};
		A54CF14728C7601B00A3437B /* LifecycleTests */ = {
			isa = PBXGroup;
			children = (
				A54CF14828C7601B00A3437B /* LifecycleTests.swift */,
			);
			path = LifecycleTests;
			sourceTree = "<group>";
		};
		A54CF15128C7601B00A3437B /* LifecycleUITests */ = {
			isa = PBXGroup;
			children = (
				A54CF15228C7601B00A3437B /* LifecycleUITests.swift */,
				A54CF15428C7601B00A3437B /* LifecycleUITestsLaunchTests.swift */,
			);
			path = LifecycleUITests;
			sourceTree = "<group>";
		};
/* End PBXGroup section */

/* Begin PBXNativeTarget section */
		A54CF12D28C7601900A3437B /* Lifecycle */ = {
			isa = PBXNativeTarget;
			buildConfigurationList = A54CF15828C7601B00A3437B /* Build configuration list for PBXNativeTarget "Lifecycle" */;
			buildPhases = (
				27B983BD0C957F5B85DC1D7E /* [CP] Check Pods Manifest.lock */,
				A54CF12A28C7601900A3437B /* Sources */,
				A54CF12B28C7601900A3437B /* Frameworks */,
				A54CF12C28C7601900A3437B /* Resources */,
				1A255CC40CCD93DD0BD321B4 /* [CP] Embed Pods Frameworks */,
			);
			buildRules = (
			);
			dependencies = (
			);
			name = Lifecycle;
			productName = Lifecycle;
			productReference = A54CF12E28C7601900A3437B /* Lifecycle.app */;
			productType = "com.apple.product-type.application";
		};
		A54CF14328C7601B00A3437B /* LifecycleTests */ = {
			isa = PBXNativeTarget;
			buildConfigurationList = A54CF15B28C7601B00A3437B /* Build configuration list for PBXNativeTarget "LifecycleTests" */;
			buildPhases = (
				15AEDD306E34CE899F6CF265 /* [CP] Check Pods Manifest.lock */,
				A54CF14028C7601B00A3437B /* Sources */,
				A54CF14128C7601B00A3437B /* Frameworks */,
				A54CF14228C7601B00A3437B /* Resources */,
			);
			buildRules = (
			);
			dependencies = (
				A54CF14628C7601B00A3437B /* PBXTargetDependency */,
			);
			name = LifecycleTests;
			productName = LifecycleTests;
			productReference = A54CF14428C7601B00A3437B /* LifecycleTests.xctest */;
			productType = "com.apple.product-type.bundle.unit-test";
		};
		A54CF14D28C7601B00A3437B /* LifecycleUITests */ = {
			isa = PBXNativeTarget;
			buildConfigurationList = A54CF15E28C7601B00A3437B /* Build configuration list for PBXNativeTarget "LifecycleUITests" */;
			buildPhases = (
				554B1D6453DA96DD388F8389 /* [CP] Check Pods Manifest.lock */,
				A54CF14A28C7601B00A3437B /* Sources */,
				A54CF14B28C7601B00A3437B /* Frameworks */,
				A54CF14C28C7601B00A3437B /* Resources */,
				CB635A81D1A184B2DF8E35C8 /* [CP] Embed Pods Frameworks */,
			);
			buildRules = (
			);
			dependencies = (
				A54CF15028C7601B00A3437B /* PBXTargetDependency */,
			);
			name = LifecycleUITests;
			productName = LifecycleUITests;
			productReference = A54CF14E28C7601B00A3437B /* LifecycleUITests.xctest */;
			productType = "com.apple.product-type.bundle.ui-testing";
		};
/* End PBXNativeTarget section */

/* Begin PBXProject section */
		A54CF12628C7601800A3437B /* Project object */ = {
			isa = PBXProject;
			attributes = {
				BuildIndependentTargetsInParallel = 1;
				LastSwiftUpdateCheck = 1340;
				LastUpgradeCheck = 1340;
				TargetAttributes = {
					A54CF12D28C7601900A3437B = {
						CreatedOnToolsVersion = 13.4.1;
					};
					A54CF14328C7601B00A3437B = {
						CreatedOnToolsVersion = 13.4.1;
						TestTargetID = A54CF12D28C7601900A3437B;
					};
					A54CF14D28C7601B00A3437B = {
						CreatedOnToolsVersion = 13.4.1;
						TestTargetID = A54CF12D28C7601900A3437B;
					};
				};
			};
			buildConfigurationList = A54CF12928C7601800A3437B /* Build configuration list for PBXProject "Lifecycle" */;
			compatibilityVersion = "Xcode 13.0";
			developmentRegion = en;
			hasScannedForEncodings = 0;
			knownRegions = (
				en,
				Base,
			);
			mainGroup = A54CF12528C7601800A3437B;
			productRefGroup = A54CF12F28C7601900A3437B /* Products */;
			projectDirPath = "";
			projectRoot = "";
			targets = (
				A54CF12D28C7601900A3437B /* Lifecycle */,
				A54CF14328C7601B00A3437B /* LifecycleTests */,
				A54CF14D28C7601B00A3437B /* LifecycleUITests */,
			);
		};
/* End PBXProject section */

/* Begin PBXResourcesBuildPhase section */
		A54CF12C28C7601900A3437B /* Resources */ = {
			isa = PBXResourcesBuildPhase;
			buildActionMask = 2147483647;
			files = (
				A54CF13E28C7601B00A3437B /* LaunchScreen.storyboard in Resources */,
				A54CF13B28C7601B00A3437B /* Assets.xcassets in Resources */,
				A54CF13928C7601900A3437B /* Main.storyboard in Resources */,
			);
			runOnlyForDeploymentPostprocessing = 0;
		};
		A54CF14228C7601B00A3437B /* Resources */ = {
			isa = PBXResourcesBuildPhase;
			buildActionMask = 2147483647;
			files = (
			);
			runOnlyForDeploymentPostprocessing = 0;
		};
		A54CF14C28C7601B00A3437B /* Resources */ = {
			isa = PBXResourcesBuildPhase;
			buildActionMask = 2147483647;
			files = (
			);
			runOnlyForDeploymentPostprocessing = 0;
		};
/* End PBXResourcesBuildPhase section */

/* Begin PBXShellScriptBuildPhase section */
		15AEDD306E34CE899F6CF265 /* [CP] Check Pods Manifest.lock */ = {
			isa = PBXShellScriptBuildPhase;
			buildActionMask = 2147483647;
			files = (
			);
			inputFileListPaths = (
			);
			inputPaths = (
				"${PODS_PODFILE_DIR_PATH}/Podfile.lock",
				"${PODS_ROOT}/Manifest.lock",
			);
			name = "[CP] Check Pods Manifest.lock";
			outputFileListPaths = (
			);
			outputPaths = (
				"$(DERIVED_FILE_DIR)/Pods-LifecycleTests-checkManifestLockResult.txt",
			);
			runOnlyForDeploymentPostprocessing = 0;
			shellPath = /bin/sh;
			shellScript = "diff \"${PODS_PODFILE_DIR_PATH}/Podfile.lock\" \"${PODS_ROOT}/Manifest.lock\" > /dev/null\nif [ $? != 0 ] ; then\n    # print error to STDERR\n    echo \"error: The sandbox is not in sync with the Podfile.lock. Run 'pod install' or update your CocoaPods installation.\" >&2\n    exit 1\nfi\n# This output is used by Xcode 'outputs' to avoid re-running this script phase.\necho \"SUCCESS\" > \"${SCRIPT_OUTPUT_FILE_0}\"\n";
			showEnvVarsInLog = 0;
		};
		1A255CC40CCD93DD0BD321B4 /* [CP] Embed Pods Frameworks */ = {
			isa = PBXShellScriptBuildPhase;
			buildActionMask = 2147483647;
			files = (
			);
			inputFileListPaths = (
				"${PODS_ROOT}/Target Support Files/Pods-Lifecycle/Pods-Lifecycle-frameworks-${CONFIGURATION}-input-files.xcfilelist",
			);
			name = "[CP] Embed Pods Frameworks";
			outputFileListPaths = (
				"${PODS_ROOT}/Target Support Files/Pods-Lifecycle/Pods-Lifecycle-frameworks-${CONFIGURATION}-output-files.xcfilelist",
			);
			runOnlyForDeploymentPostprocessing = 0;
			shellPath = /bin/sh;
			shellScript = "\"${PODS_ROOT}/Target Support Files/Pods-Lifecycle/Pods-Lifecycle-frameworks.sh\"\n";
			showEnvVarsInLog = 0;
		};
		27B983BD0C957F5B85DC1D7E /* [CP] Check Pods Manifest.lock */ = {
			isa = PBXShellScriptBuildPhase;
			buildActionMask = 2147483647;
			files = (
			);
			inputFileListPaths = (
			);
			inputPaths = (
				"${PODS_PODFILE_DIR_PATH}/Podfile.lock",
				"${PODS_ROOT}/Manifest.lock",
			);
			name = "[CP] Check Pods Manifest.lock";
			outputFileListPaths = (
			);
			outputPaths = (
				"$(DERIVED_FILE_DIR)/Pods-Lifecycle-checkManifestLockResult.txt",
			);
			runOnlyForDeploymentPostprocessing = 0;
			shellPath = /bin/sh;
			shellScript = "diff \"${PODS_PODFILE_DIR_PATH}/Podfile.lock\" \"${PODS_ROOT}/Manifest.lock\" > /dev/null\nif [ $? != 0 ] ; then\n    # print error to STDERR\n    echo \"error: The sandbox is not in sync with the Podfile.lock. Run 'pod install' or update your CocoaPods installation.\" >&2\n    exit 1\nfi\n# This output is used by Xcode 'outputs' to avoid re-running this script phase.\necho \"SUCCESS\" > \"${SCRIPT_OUTPUT_FILE_0}\"\n";
			showEnvVarsInLog = 0;
		};
		554B1D6453DA96DD388F8389 /* [CP] Check Pods Manifest.lock */ = {
			isa = PBXShellScriptBuildPhase;
			buildActionMask = 2147483647;
			files = (
			);
			inputFileListPaths = (
			);
			inputPaths = (
				"${PODS_PODFILE_DIR_PATH}/Podfile.lock",
				"${PODS_ROOT}/Manifest.lock",
			);
			name = "[CP] Check Pods Manifest.lock";
			outputFileListPaths = (
			);
			outputPaths = (
				"$(DERIVED_FILE_DIR)/Pods-Lifecycle-LifecycleUITests-checkManifestLockResult.txt",
			);
			runOnlyForDeploymentPostprocessing = 0;
			shellPath = /bin/sh;
			shellScript = "diff \"${PODS_PODFILE_DIR_PATH}/Podfile.lock\" \"${PODS_ROOT}/Manifest.lock\" > /dev/null\nif [ $? != 0 ] ; then\n    # print error to STDERR\n    echo \"error: The sandbox is not in sync with the Podfile.lock. Run 'pod install' or update your CocoaPods installation.\" >&2\n    exit 1\nfi\n# This output is used by Xcode 'outputs' to avoid re-running this script phase.\necho \"SUCCESS\" > \"${SCRIPT_OUTPUT_FILE_0}\"\n";
			showEnvVarsInLog = 0;
		};
		CB635A81D1A184B2DF8E35C8 /* [CP] Embed Pods Frameworks */ = {
			isa = PBXShellScriptBuildPhase;
			buildActionMask = 2147483647;
			files = (
			);
			inputFileListPaths = (
				"${PODS_ROOT}/Target Support Files/Pods-Lifecycle-LifecycleUITests/Pods-Lifecycle-LifecycleUITests-frameworks-${CONFIGURATION}-input-files.xcfilelist",
			);
			name = "[CP] Embed Pods Frameworks";
			outputFileListPaths = (
				"${PODS_ROOT}/Target Support Files/Pods-Lifecycle-LifecycleUITests/Pods-Lifecycle-LifecycleUITests-frameworks-${CONFIGURATION}-output-files.xcfilelist",
			);
			runOnlyForDeploymentPostprocessing = 0;
			shellPath = /bin/sh;
			shellScript = "\"${PODS_ROOT}/Target Support Files/Pods-Lifecycle-LifecycleUITests/Pods-Lifecycle-LifecycleUITests-frameworks.sh\"\n";
			showEnvVarsInLog = 0;
		};
/* End PBXShellScriptBuildPhase section */

/* Begin PBXSourcesBuildPhase section */
		A54CF12A28C7601900A3437B /* Sources */ = {
			isa = PBXSourcesBuildPhase;
			buildActionMask = 2147483647;
			files = (
				A54CF13628C7601900A3437B /* ViewController.swift in Sources */,
				A54CF13228C7601900A3437B /* AppDelegate.swift in Sources */,
				A54CF13428C7601900A3437B /* SceneDelegate.swift in Sources */,
			);
			runOnlyForDeploymentPostprocessing = 0;
		};
		A54CF14028C7601B00A3437B /* Sources */ = {
			isa = PBXSourcesBuildPhase;
			buildActionMask = 2147483647;
			files = (
				A54CF14928C7601B00A3437B /* LifecycleTests.swift in Sources */,
			);
			runOnlyForDeploymentPostprocessing = 0;
		};
		A54CF14A28C7601B00A3437B /* Sources */ = {
			isa = PBXSourcesBuildPhase;
			buildActionMask = 2147483647;
			files = (
				A54CF15328C7601B00A3437B /* LifecycleUITests.swift in Sources */,
				A54CF15528C7601B00A3437B /* LifecycleUITestsLaunchTests.swift in Sources */,
			);
			runOnlyForDeploymentPostprocessing = 0;
		};
/* End PBXSourcesBuildPhase section */

/* Begin PBXTargetDependency section */
		A54CF14628C7601B00A3437B /* PBXTargetDependency */ = {
			isa = PBXTargetDependency;
			target = A54CF12D28C7601900A3437B /* Lifecycle */;
			targetProxy = A54CF14528C7601B00A3437B /* PBXContainerItemProxy */;
		};
		A54CF15028C7601B00A3437B /* PBXTargetDependency */ = {
			isa = PBXTargetDependency;
			target = A54CF12D28C7601900A3437B /* Lifecycle */;
			targetProxy = A54CF14F28C7601B00A3437B /* PBXContainerItemProxy */;
		};
/* End PBXTargetDependency section */

/* Begin PBXVariantGroup section */
		A54CF13728C7601900A3437B /* Main.storyboard */ = {
			isa = PBXVariantGroup;
			children = (
				A54CF13828C7601900A3437B /* Base */,
			);
			name = Main.storyboard;
			sourceTree = "<group>";
		};
		A54CF13C28C7601B00A3437B /* LaunchScreen.storyboard */ = {
			isa = PBXVariantGroup;
			children = (
				A54CF13D28C7601B00A3437B /* Base */,
			);
			name = LaunchScreen.storyboard;
			sourceTree = "<group>";
		};
/* End PBXVariantGroup section */

/* Begin XCBuildConfiguration section */
		A54CF15628C7601B00A3437B /* Debug */ = {
			isa = XCBuildConfiguration;
			buildSettings = {
				ALWAYS_SEARCH_USER_PATHS = NO;
				CLANG_ANALYZER_NONNULL = YES;
				CLANG_ANALYZER_NUMBER_OBJECT_CONVERSION = YES_AGGRESSIVE;
				CLANG_CXX_LANGUAGE_STANDARD = "gnu++17";
				CLANG_ENABLE_MODULES = YES;
				CLANG_ENABLE_OBJC_ARC = YES;
				CLANG_ENABLE_OBJC_WEAK = YES;
				CLANG_WARN_BLOCK_CAPTURE_AUTORELEASING = YES;
				CLANG_WARN_BOOL_CONVERSION = YES;
				CLANG_WARN_COMMA = YES;
				CLANG_WARN_CONSTANT_CONVERSION = YES;
				CLANG_WARN_DEPRECATED_OBJC_IMPLEMENTATIONS = YES;
				CLANG_WARN_DIRECT_OBJC_ISA_USAGE = YES_ERROR;
				CLANG_WARN_DOCUMENTATION_COMMENTS = YES;
				CLANG_WARN_EMPTY_BODY = YES;
				CLANG_WARN_ENUM_CONVERSION = YES;
				CLANG_WARN_INFINITE_RECURSION = YES;
				CLANG_WARN_INT_CONVERSION = YES;
				CLANG_WARN_NON_LITERAL_NULL_CONVERSION = YES;
				CLANG_WARN_OBJC_IMPLICIT_RETAIN_SELF = YES;
				CLANG_WARN_OBJC_LITERAL_CONVERSION = YES;
				CLANG_WARN_OBJC_ROOT_CLASS = YES_ERROR;
				CLANG_WARN_QUOTED_INCLUDE_IN_FRAMEWORK_HEADER = YES;
				CLANG_WARN_RANGE_LOOP_ANALYSIS = YES;
				CLANG_WARN_STRICT_PROTOTYPES = YES;
				CLANG_WARN_SUSPICIOUS_MOVE = YES;
				CLANG_WARN_UNGUARDED_AVAILABILITY = YES_AGGRESSIVE;
				CLANG_WARN_UNREACHABLE_CODE = YES;
				CLANG_WARN__DUPLICATE_METHOD_MATCH = YES;
				COPY_PHASE_STRIP = NO;
				DEBUG_INFORMATION_FORMAT = dwarf;
				ENABLE_STRICT_OBJC_MSGSEND = YES;
				ENABLE_TESTABILITY = YES;
				GCC_C_LANGUAGE_STANDARD = gnu11;
				GCC_DYNAMIC_NO_PIC = NO;
				GCC_NO_COMMON_BLOCKS = YES;
				GCC_OPTIMIZATION_LEVEL = 0;
				GCC_PREPROCESSOR_DEFINITIONS = (
					"DEBUG=1",
					"$(inherited)",
				);
				GCC_WARN_64_TO_32_BIT_CONVERSION = YES;
				GCC_WARN_ABOUT_RETURN_TYPE = YES_ERROR;
				GCC_WARN_UNDECLARED_SELECTOR = YES;
				GCC_WARN_UNINITIALIZED_AUTOS = YES_AGGRESSIVE;
				GCC_WARN_UNUSED_FUNCTION = YES;
				GCC_WARN_UNUSED_VARIABLE = YES;
				IPHONEOS_DEPLOYMENT_TARGET = 15.5;
				MTL_ENABLE_DEBUG_INFO = INCLUDE_SOURCE;
				MTL_FAST_MATH = YES;
				ONLY_ACTIVE_ARCH = YES;
				SDKROOT = iphoneos;
				SWIFT_ACTIVE_COMPILATION_CONDITIONS = DEBUG;
				SWIFT_OPTIMIZATION_LEVEL = "-Onone";
			};
			name = Debug;
		};
		A54CF15728C7601B00A3437B /* Release */ = {
			isa = XCBuildConfiguration;
			buildSettings = {
				ALWAYS_SEARCH_USER_PATHS = NO;
				CLANG_ANALYZER_NONNULL = YES;
				CLANG_ANALYZER_NUMBER_OBJECT_CONVERSION = YES_AGGRESSIVE;
				CLANG_CXX_LANGUAGE_STANDARD = "gnu++17";
				CLANG_ENABLE_MODULES = YES;
				CLANG_ENABLE_OBJC_ARC = YES;
				CLANG_ENABLE_OBJC_WEAK = YES;
				CLANG_WARN_BLOCK_CAPTURE_AUTORELEASING = YES;
				CLANG_WARN_BOOL_CONVERSION = YES;
				CLANG_WARN_COMMA = YES;
				CLANG_WARN_CONSTANT_CONVERSION = YES;
				CLANG_WARN_DEPRECATED_OBJC_IMPLEMENTATIONS = YES;
				CLANG_WARN_DIRECT_OBJC_ISA_USAGE = YES_ERROR;
				CLANG_WARN_DOCUMENTATION_COMMENTS = YES;
				CLANG_WARN_EMPTY_BODY = YES;
				CLANG_WARN_ENUM_CONVERSION = YES;
				CLANG_WARN_INFINITE_RECURSION = YES;
				CLANG_WARN_INT_CONVERSION = YES;
				CLANG_WARN_NON_LITERAL_NULL_CONVERSION = YES;
				CLANG_WARN_OBJC_IMPLICIT_RETAIN_SELF = YES;
				CLANG_WARN_OBJC_LITERAL_CONVERSION = YES;
				CLANG_WARN_OBJC_ROOT_CLASS = YES_ERROR;
				CLANG_WARN_QUOTED_INCLUDE_IN_FRAMEWORK_HEADER = YES;
				CLANG_WARN_RANGE_LOOP_ANALYSIS = YES;
				CLANG_WARN_STRICT_PROTOTYPES = YES;
				CLANG_WARN_SUSPICIOUS_MOVE = YES;
				CLANG_WARN_UNGUARDED_AVAILABILITY = YES_AGGRESSIVE;
				CLANG_WARN_UNREACHABLE_CODE = YES;
				CLANG_WARN__DUPLICATE_METHOD_MATCH = YES;
				COPY_PHASE_STRIP = NO;
				DEBUG_INFORMATION_FORMAT = "dwarf-with-dsym";
				ENABLE_NS_ASSERTIONS = NO;
				ENABLE_STRICT_OBJC_MSGSEND = YES;
				GCC_C_LANGUAGE_STANDARD = gnu11;
				GCC_NO_COMMON_BLOCKS = YES;
				GCC_WARN_64_TO_32_BIT_CONVERSION = YES;
				GCC_WARN_ABOUT_RETURN_TYPE = YES_ERROR;
				GCC_WARN_UNDECLARED_SELECTOR = YES;
				GCC_WARN_UNINITIALIZED_AUTOS = YES_AGGRESSIVE;
				GCC_WARN_UNUSED_FUNCTION = YES;
				GCC_WARN_UNUSED_VARIABLE = YES;
				IPHONEOS_DEPLOYMENT_TARGET = 15.5;
				MTL_ENABLE_DEBUG_INFO = NO;
				MTL_FAST_MATH = YES;
				SDKROOT = iphoneos;
				SWIFT_COMPILATION_MODE = wholemodule;
				SWIFT_OPTIMIZATION_LEVEL = "-O";
				VALIDATE_PRODUCT = YES;
			};
			name = Release;
		};
		A54CF15928C7601B00A3437B /* Debug */ = {
			isa = XCBuildConfiguration;
			baseConfigurationReference = 66C1D6185BBE74842BFA6777 /* Pods-Lifecycle.debug.xcconfig */;
			buildSettings = {
				ASSETCATALOG_COMPILER_APPICON_NAME = AppIcon;
				ASSETCATALOG_COMPILER_GLOBAL_ACCENT_COLOR_NAME = AccentColor;
				CODE_SIGN_STYLE = Automatic;
				CURRENT_PROJECT_VERSION = 1;
				GENERATE_INFOPLIST_FILE = YES;
				INFOPLIST_FILE = Lifecycle/Info.plist;
				INFOPLIST_KEY_UIApplicationSupportsIndirectInputEvents = YES;
				INFOPLIST_KEY_UILaunchStoryboardName = LaunchScreen;
				INFOPLIST_KEY_UIMainStoryboardFile = Main;
				INFOPLIST_KEY_UISupportedInterfaceOrientations_iPad = "UIInterfaceOrientationPortrait UIInterfaceOrientationPortraitUpsideDown UIInterfaceOrientationLandscapeLeft UIInterfaceOrientationLandscapeRight";
				INFOPLIST_KEY_UISupportedInterfaceOrientations_iPhone = "UIInterfaceOrientationPortrait UIInterfaceOrientationLandscapeLeft UIInterfaceOrientationLandscapeRight";
				LD_RUNPATH_SEARCH_PATHS = (
					"$(inherited)",
					"@executable_path/Frameworks",
				);
				MARKETING_VERSION = 1.0;
				PRODUCT_BUNDLE_IDENTIFIER = demo.Lifecycle;
				PRODUCT_NAME = "$(TARGET_NAME)";
				SWIFT_EMIT_LOC_STRINGS = YES;
				SWIFT_VERSION = 5.0;
				TARGETED_DEVICE_FAMILY = "1,2";
			};
			name = Debug;
		};
		A54CF15A28C7601B00A3437B /* Release */ = {
			isa = XCBuildConfiguration;
			baseConfigurationReference = 4EFACBDE0F0554CE5AE70355 /* Pods-Lifecycle.release.xcconfig */;
			buildSettings = {
				ASSETCATALOG_COMPILER_APPICON_NAME = AppIcon;
				ASSETCATALOG_COMPILER_GLOBAL_ACCENT_COLOR_NAME = AccentColor;
				CODE_SIGN_STYLE = Automatic;
				CURRENT_PROJECT_VERSION = 1;
				GENERATE_INFOPLIST_FILE = YES;
				INFOPLIST_FILE = Lifecycle/Info.plist;
				INFOPLIST_KEY_UIApplicationSupportsIndirectInputEvents = YES;
				INFOPLIST_KEY_UILaunchStoryboardName = LaunchScreen;
				INFOPLIST_KEY_UIMainStoryboardFile = Main;
				INFOPLIST_KEY_UISupportedInterfaceOrientations_iPad = "UIInterfaceOrientationPortrait UIInterfaceOrientationPortraitUpsideDown UIInterfaceOrientationLandscapeLeft UIInterfaceOrientationLandscapeRight";
				INFOPLIST_KEY_UISupportedInterfaceOrientations_iPhone = "UIInterfaceOrientationPortrait UIInterfaceOrientationLandscapeLeft UIInterfaceOrientationLandscapeRight";
				LD_RUNPATH_SEARCH_PATHS = (
					"$(inherited)",
					"@executable_path/Frameworks",
				);
				MARKETING_VERSION = 1.0;
				PRODUCT_BUNDLE_IDENTIFIER = demo.Lifecycle;
				PRODUCT_NAME = "$(TARGET_NAME)";
				SWIFT_EMIT_LOC_STRINGS = YES;
				SWIFT_VERSION = 5.0;
				TARGETED_DEVICE_FAMILY = "1,2";
			};
			name = Release;
		};
		A54CF15C28C7601B00A3437B /* Debug */ = {
			isa = XCBuildConfiguration;
			baseConfigurationReference = C6CC482BFA0EAF306C5A4690 /* Pods-LifecycleTests.debug.xcconfig */;
			buildSettings = {
				ALWAYS_EMBED_SWIFT_STANDARD_LIBRARIES = YES;
				BUNDLE_LOADER = "$(TEST_HOST)";
				CODE_SIGN_STYLE = Automatic;
				CURRENT_PROJECT_VERSION = 1;
				GENERATE_INFOPLIST_FILE = YES;
				IPHONEOS_DEPLOYMENT_TARGET = 15.5;
				MARKETING_VERSION = 1.0;
				PRODUCT_BUNDLE_IDENTIFIER = demo.LifecycleTests;
				PRODUCT_NAME = "$(TARGET_NAME)";
				SWIFT_EMIT_LOC_STRINGS = NO;
				SWIFT_VERSION = 5.0;
				TARGETED_DEVICE_FAMILY = "1,2";
				TEST_HOST = "$(BUILT_PRODUCTS_DIR)/Lifecycle.app/Lifecycle";
			};
			name = Debug;
		};
		A54CF15D28C7601B00A3437B /* Release */ = {
			isa = XCBuildConfiguration;
			baseConfigurationReference = 4BFC07C42FE761523337E4AD /* Pods-LifecycleTests.release.xcconfig */;
			buildSettings = {
				ALWAYS_EMBED_SWIFT_STANDARD_LIBRARIES = YES;
				BUNDLE_LOADER = "$(TEST_HOST)";
				CODE_SIGN_STYLE = Automatic;
				CURRENT_PROJECT_VERSION = 1;
				GENERATE_INFOPLIST_FILE = YES;
				IPHONEOS_DEPLOYMENT_TARGET = 15.5;
				MARKETING_VERSION = 1.0;
				PRODUCT_BUNDLE_IDENTIFIER = demo.LifecycleTests;
				PRODUCT_NAME = "$(TARGET_NAME)";
				SWIFT_EMIT_LOC_STRINGS = NO;
				SWIFT_VERSION = 5.0;
				TARGETED_DEVICE_FAMILY = "1,2";
				TEST_HOST = "$(BUILT_PRODUCTS_DIR)/Lifecycle.app/Lifecycle";
			};
			name = Release;
		};
		A54CF15F28C7601B00A3437B /* Debug */ = {
			isa = XCBuildConfiguration;
			baseConfigurationReference = 9FE00ABA637D829ADBDFCCF2 /* Pods-Lifecycle-LifecycleUITests.debug.xcconfig */;
			buildSettings = {
				ALWAYS_EMBED_SWIFT_STANDARD_LIBRARIES = YES;
				CODE_SIGN_STYLE = Automatic;
				CURRENT_PROJECT_VERSION = 1;
				GENERATE_INFOPLIST_FILE = YES;
				MARKETING_VERSION = 1.0;
				PRODUCT_BUNDLE_IDENTIFIER = demo.LifecycleUITests;
				PRODUCT_NAME = "$(TARGET_NAME)";
				SWIFT_EMIT_LOC_STRINGS = NO;
				SWIFT_VERSION = 5.0;
				TARGETED_DEVICE_FAMILY = "1,2";
				TEST_TARGET_NAME = Lifecycle;
			};
			name = Debug;
		};
		A54CF16028C7601B00A3437B /* Release */ = {
			isa = XCBuildConfiguration;
			baseConfigurationReference = EED8F39F7E11820E11C84D79 /* Pods-Lifecycle-LifecycleUITests.release.xcconfig */;
			buildSettings = {
				ALWAYS_EMBED_SWIFT_STANDARD_LIBRARIES = YES;
				CODE_SIGN_STYLE = Automatic;
				CURRENT_PROJECT_VERSION = 1;
				GENERATE_INFOPLIST_FILE = YES;
				MARKETING_VERSION = 1.0;
				PRODUCT_BUNDLE_IDENTIFIER = demo.LifecycleUITests;
				PRODUCT_NAME = "$(TARGET_NAME)";
				SWIFT_EMIT_LOC_STRINGS = NO;
				SWIFT_VERSION = 5.0;
				TARGETED_DEVICE_FAMILY = "1,2";
				TEST_TARGET_NAME = Lifecycle;
			};
			name = Release;
		};
/* End XCBuildConfiguration section */

/* Begin XCConfigurationList section */
		A54CF12928C7601800A3437B /* Build configuration list for PBXProject "Lifecycle" */ = {
			isa = XCConfigurationList;
			buildConfigurations = (
				A54CF15628C7601B00A3437B /* Debug */,
				A54CF15728C7601B00A3437B /* Release */,
			);
			defaultConfigurationIsVisible = 0;
			defaultConfigurationName = Release;
		};
		A54CF15828C7601B00A3437B /* Build configuration list for PBXNativeTarget "Lifecycle" */ = {
			isa = XCConfigurationList;
			buildConfigurations = (
				A54CF15928C7601B00A3437B /* Debug */,
				A54CF15A28C7601B00A3437B /* Release */,
			);
			defaultConfigurationIsVisible = 0;
			defaultConfigurationName = Release;
		};
		A54CF15B28C7601B00A3437B /* Build configuration list for PBXNativeTarget "LifecycleTests" */ = {
			isa = XCConfigurationList;
			buildConfigurations = (
				A54CF15C28C7601B00A3437B /* Debug */,
				A54CF15D28C7601B00A3437B /* Release */,
			);
			defaultConfigurationIsVisible = 0;
			defaultConfigurationName = Release;
		};
		A54CF15E28C7601B00A3437B /* Build configuration list for PBXNativeTarget "LifecycleUITests" */ = {
			isa = XCConfigurationList;
			buildConfigurations = (
				A54CF15F28C7601B00A3437B /* Debug */,
				A54CF16028C7601B00A3437B /* Release */,
			);
			defaultConfigurationIsVisible = 0;
			defaultConfigurationName = Release;
		};
/* End XCConfigurationList section */
	};
	rootObject = A54CF12628C7601800A3437B /* Project object */;
}
