// !$*UTF8*$!
{
	archiveVersion = 1;
	classes = {
	};
	objectVersion = 56;
	objects = {

/* Begin PBXBuildFile section */
		A5491D1028DB23D800778BB9 /* AppDelegate.swift in Sources */ = {isa = PBXBuildFile; fileRef = A5491D0F28DB23D800778BB9 /* AppDelegate.swift */; };
		A5491D1228DB23D800778BB9 /* SceneDelegate.swift in Sources */ = {isa = PBXBuildFile; fileRef = A5491D1128DB23D800778BB9 /* SceneDelegate.swift */; };
		A5491D1428DB23D800778BB9 /* ViewController.swift in Sources */ = {isa = PBXBuildFile; fileRef = A5491D1328DB23D800778BB9 /* ViewController.swift */; };
		A5491D1728DB23D800778BB9 /* Main.storyboard in Resources */ = {isa = PBXBuildFile; fileRef = A5491D1528DB23D800778BB9 /* Main.storyboard */; };
		A5491D1928DB23DA00778BB9 /* Assets.xcassets in Resources */ = {isa = PBXBuildFile; fileRef = A5491D1828DB23DA00778BB9 /* Assets.xcassets */; };
		A5491D1C28DB23DA00778BB9 /* LaunchScreen.storyboard in Resources */ = {isa = PBXBuildFile; fileRef = A5491D1A28DB23DA00778BB9 /* LaunchScreen.storyboard */; };
		A5491D2728DB23DB00778BB9 /* AssesmentTestTests.swift in Sources */ = {isa = PBXBuildFile; fileRef = A5491D2628DB23DB00778BB9 /* AssesmentTestTests.swift */; };
		A5491D3128DB23DB00778BB9 /* AssesmentTestUITests.swift in Sources */ = {isa = PBXBuildFile; fileRef = A5491D3028DB23DB00778BB9 /* AssesmentTestUITests.swift */; };
		A5491D3328DB23DB00778BB9 /* AssesmentTestUITestsLaunchTests.swift in Sources */ = {isa = PBXBuildFile; fileRef = A5491D3228DB23DB00778BB9 /* AssesmentTestUITestsLaunchTests.swift */; };
		A585083128DB2738007D516F /* TableViewCell.swift in Sources */ = {isa = PBXBuildFile; fileRef = A585083028DB2738007D516F /* TableViewCell.swift */; };
/* End PBXBuildFile section */

/* Begin PBXContainerItemProxy section */
		A5491D2328DB23DB00778BB9 /* PBXContainerItemProxy */ = {
			isa = PBXContainerItemProxy;
			containerPortal = A5491D0428DB23D800778BB9 /* Project object */;
			proxyType = 1;
			remoteGlobalIDString = A5491D0B28DB23D800778BB9;
			remoteInfo = AssesmentTest;
		};
		A5491D2D28DB23DB00778BB9 /* PBXContainerItemProxy */ = {
			isa = PBXContainerItemProxy;
			containerPortal = A5491D0428DB23D800778BB9 /* Project object */;
			proxyType = 1;
			remoteGlobalIDString = A5491D0B28DB23D800778BB9;
			remoteInfo = AssesmentTest;
		};
/* End PBXContainerItemProxy section */

/* Begin PBXFileReference section */
		A5491D0C28DB23D800778BB9 /* AssesmentTest.app */ = {isa = PBXFileReference; explicitFileType = wrapper.application; includeInIndex = 0; path = AssesmentTest.app; sourceTree = BUILT_PRODUCTS_DIR; };
		A5491D0F28DB23D800778BB9 /* AppDelegate.swift */ = {isa = PBXFileReference; lastKnownFileType = sourcecode.swift; path = AppDelegate.swift; sourceTree = "<group>"; };
		A5491D1128DB23D800778BB9 /* SceneDelegate.swift */ = {isa = PBXFileReference; lastKnownFileType = sourcecode.swift; path = SceneDelegate.swift; sourceTree = "<group>"; };
		A5491D1328DB23D800778BB9 /* ViewController.swift */ = {isa = PBXFileReference; lastKnownFileType = sourcecode.swift; path = ViewController.swift; sourceTree = "<group>"; };
		A5491D1628DB23D800778BB9 /* Base */ = {isa = PBXFileReference; lastKnownFileType = file.storyboard; name = Base; path = Base.lproj/Main.storyboard; sourceTree = "<group>"; };
		A5491D1828DB23DA00778BB9 /* Assets.xcassets */ = {isa = PBXFileReference; lastKnownFileType = folder.assetcatalog; path = Assets.xcassets; sourceTree = "<group>"; };
		A5491D1B28DB23DA00778BB9 /* Base */ = {isa = PBXFileReference; lastKnownFileType = file.storyboard; name = Base; path = Base.lproj/LaunchScreen.storyboard; sourceTree = "<group>"; };
		A5491D1D28DB23DA00778BB9 /* Info.plist */ = {isa = PBXFileReference; lastKnownFileType = text.plist.xml; path = Info.plist; sourceTree = "<group>"; };
		A5491D2228DB23DB00778BB9 /* AssesmentTestTests.xctest */ = {isa = PBXFileReference; explicitFileType = wrapper.cfbundle; includeInIndex = 0; path = AssesmentTestTests.xctest; sourceTree = BUILT_PRODUCTS_DIR; };
		A5491D2628DB23DB00778BB9 /* AssesmentTestTests.swift */ = {isa = PBXFileReference; lastKnownFileType = sourcecode.swift; path = AssesmentTestTests.swift; sourceTree = "<group>"; };
		A5491D2C28DB23DB00778BB9 /* AssesmentTestUITests.xctest */ = {isa = PBXFileReference; explicitFileType = wrapper.cfbundle; includeInIndex = 0; path = AssesmentTestUITests.xctest; sourceTree = BUILT_PRODUCTS_DIR; };
		A5491D3028DB23DB00778BB9 /* AssesmentTestUITests.swift */ = {isa = PBXFileReference; lastKnownFileType = sourcecode.swift; path = AssesmentTestUITests.swift; sourceTree = "<group>"; };
		A5491D3228DB23DB00778BB9 /* AssesmentTestUITestsLaunchTests.swift */ = {isa = PBXFileReference; lastKnownFileType = sourcecode.swift; path = AssesmentTestUITestsLaunchTests.swift; sourceTree = "<group>"; };
		A585083028DB2738007D516F /* TableViewCell.swift */ = {isa = PBXFileReference; lastKnownFileType = sourcecode.swift; path = TableViewCell.swift; sourceTree = "<group>"; };
/* End PBXFileReference section */

/* Begin PBXFrameworksBuildPhase section */
		A5491D0928DB23D800778BB9 /* Frameworks */ = {
			isa = PBXFrameworksBuildPhase;
			buildActionMask = 2147483647;
			files = (
			);
			runOnlyForDeploymentPostprocessing = 0;
		};
		A5491D1F28DB23DB00778BB9 /* Frameworks */ = {
			isa = PBXFrameworksBuildPhase;
			buildActionMask = 2147483647;
			files = (
			);
			runOnlyForDeploymentPostprocessing = 0;
		};
		A5491D2928DB23DB00778BB9 /* Frameworks */ = {
			isa = PBXFrameworksBuildPhase;
			buildActionMask = 2147483647;
			files = (
			);
			runOnlyForDeploymentPostprocessing = 0;
		};
/* End PBXFrameworksBuildPhase section */

/* Begin PBXGroup section */
		A5491D0328DB23D800778BB9 = {
			isa = PBXGroup;
			children = (
				A5491D0E28DB23D800778BB9 /* AssesmentTest */,
				A5491D2528DB23DB00778BB9 /* AssesmentTestTests */,
				A5491D2F28DB23DB00778BB9 /* AssesmentTestUITests */,
				A5491D0D28DB23D800778BB9 /* Products */,
			);
			sourceTree = "<group>";
		};
		A5491D0D28DB23D800778BB9 /* Products */ = {
			isa = PBXGroup;
			children = (
				A5491D0C28DB23D800778BB9 /* AssesmentTest.app */,
				A5491D2228DB23DB00778BB9 /* AssesmentTestTests.xctest */,
				A5491D2C28DB23DB00778BB9 /* AssesmentTestUITests.xctest */,
			);
			name = Products;
			sourceTree = "<group>";
		};
		A5491D0E28DB23D800778BB9 /* AssesmentTest */ = {
			isa = PBXGroup;
			children = (
				A5491D0F28DB23D800778BB9 /* AppDelegate.swift */,
				A5491D1128DB23D800778BB9 /* SceneDelegate.swift */,
				A5491D1328DB23D800778BB9 /* ViewController.swift */,
				A5491D1528DB23D800778BB9 /* Main.storyboard */,
				A585083028DB2738007D516F /* TableViewCell.swift */,
				A5491D1828DB23DA00778BB9 /* Assets.xcassets */,
				A5491D1A28DB23DA00778BB9 /* LaunchScreen.storyboard */,
				A5491D1D28DB23DA00778BB9 /* Info.plist */,
			);
			path = AssesmentTest;
			sourceTree = "<group>";
		};
		A5491D2528DB23DB00778BB9 /* AssesmentTestTests */ = {
			isa = PBXGroup;
			children = (
				A5491D2628DB23DB00778BB9 /* AssesmentTestTests.swift */,
			);
			path = AssesmentTestTests;
			sourceTree = "<group>";
		};
		A5491D2F28DB23DB00778BB9 /* AssesmentTestUITests */ = {
			isa = PBXGroup;
			children = (
				A5491D3028DB23DB00778BB9 /* AssesmentTestUITests.swift */,
				A5491D3228DB23DB00778BB9 /* AssesmentTestUITestsLaunchTests.swift */,
			);
			path = AssesmentTestUITests;
			sourceTree = "<group>";
		};
/* End PBXGroup section */

/* Begin PBXNativeTarget section */
		A5491D0B28DB23D800778BB9 /* AssesmentTest */ = {
			isa = PBXNativeTarget;
			buildConfigurationList = A5491D3628DB23DB00778BB9 /* Build configuration list for PBXNativeTarget "AssesmentTest" */;
			buildPhases = (
				A5491D0828DB23D800778BB9 /* Sources */,
				A5491D0928DB23D800778BB9 /* Frameworks */,
				A5491D0A28DB23D800778BB9 /* Resources */,
			);
			buildRules = (
			);
			dependencies = (
			);
			name = AssesmentTest;
			productName = AssesmentTest;
			productReference = A5491D0C28DB23D800778BB9 /* AssesmentTest.app */;
			productType = "com.apple.product-type.application";
		};
		A5491D2128DB23DB00778BB9 /* AssesmentTestTests */ = {
			isa = PBXNativeTarget;
			buildConfigurationList = A5491D3928DB23DB00778BB9 /* Build configuration list for PBXNativeTarget "AssesmentTestTests" */;
			buildPhases = (
				A5491D1E28DB23DB00778BB9 /* Sources */,
				A5491D1F28DB23DB00778BB9 /* Frameworks */,
				A5491D2028DB23DB00778BB9 /* Resources */,
			);
			buildRules = (
			);
			dependencies = (
				A5491D2428DB23DB00778BB9 /* PBXTargetDependency */,
			);
			name = AssesmentTestTests;
			productName = AssesmentTestTests;
			productReference = A5491D2228DB23DB00778BB9 /* AssesmentTestTests.xctest */;
			productType = "com.apple.product-type.bundle.unit-test";
		};
		A5491D2B28DB23DB00778BB9 /* AssesmentTestUITests */ = {
			isa = PBXNativeTarget;
			buildConfigurationList = A5491D3C28DB23DB00778BB9 /* Build configuration list for PBXNativeTarget "AssesmentTestUITests" */;
			buildPhases = (
				A5491D2828DB23DB00778BB9 /* Sources */,
				A5491D2928DB23DB00778BB9 /* Frameworks */,
				A5491D2A28DB23DB00778BB9 /* Resources */,
			);
			buildRules = (
			);
			dependencies = (
				A5491D2E28DB23DB00778BB9 /* PBXTargetDependency */,
			);
			name = AssesmentTestUITests;
			productName = AssesmentTestUITests;
			productReference = A5491D2C28DB23DB00778BB9 /* AssesmentTestUITests.xctest */;
			productType = "com.apple.product-type.bundle.ui-testing";
		};
/* End PBXNativeTarget section */

/* Begin PBXProject section */
		A5491D0428DB23D800778BB9 /* Project object */ = {
			isa = PBXProject;
			attributes = {
				BuildIndependentTargetsInParallel = 1;
				LastSwiftUpdateCheck = 1400;
				LastUpgradeCheck = 1400;
				TargetAttributes = {
					A5491D0B28DB23D800778BB9 = {
						CreatedOnToolsVersion = 14.0;
					};
					A5491D2128DB23DB00778BB9 = {
						CreatedOnToolsVersion = 14.0;
						TestTargetID = A5491D0B28DB23D800778BB9;
					};
					A5491D2B28DB23DB00778BB9 = {
						CreatedOnToolsVersion = 14.0;
						TestTargetID = A5491D0B28DB23D800778BB9;
					};
				};
			};
			buildConfigurationList = A5491D0728DB23D800778BB9 /* Build configuration list for PBXProject "AssesmentTest" */;
			compatibilityVersion = "Xcode 14.0";
			developmentRegion = en;
			hasScannedForEncodings = 0;
			knownRegions = (
				en,
				Base,
			);
			mainGroup = A5491D0328DB23D800778BB9;
			productRefGroup = A5491D0D28DB23D800778BB9 /* Products */;
			projectDirPath = "";
			projectRoot = "";
			targets = (
				A5491D0B28DB23D800778BB9 /* AssesmentTest */,
				A5491D2128DB23DB00778BB9 /* AssesmentTestTests */,
				A5491D2B28DB23DB00778BB9 /* AssesmentTestUITests */,
			);
		};
/* End PBXProject section */

/* Begin PBXResourcesBuildPhase section */
		A5491D0A28DB23D800778BB9 /* Resources */ = {
			isa = PBXResourcesBuildPhase;
			buildActionMask = 2147483647;
			files = (
				A5491D1C28DB23DA00778BB9 /* LaunchScreen.storyboard in Resources */,
				A5491D1928DB23DA00778BB9 /* Assets.xcassets in Resources */,
				A5491D1728DB23D800778BB9 /* Main.storyboard in Resources */,
			);
			runOnlyForDeploymentPostprocessing = 0;
		};
		A5491D2028DB23DB00778BB9 /* Resources */ = {
			isa = PBXResourcesBuildPhase;
			buildActionMask = 2147483647;
			files = (
			);
			runOnlyForDeploymentPostprocessing = 0;
		};
		A5491D2A28DB23DB00778BB9 /* Resources */ = {
			isa = PBXResourcesBuildPhase;
			buildActionMask = 2147483647;
			files = (
			);
			runOnlyForDeploymentPostprocessing = 0;
		};
/* End PBXResourcesBuildPhase section */

/* Begin PBXSourcesBuildPhase section */
		A5491D0828DB23D800778BB9 /* Sources */ = {
			isa = PBXSourcesBuildPhase;
			buildActionMask = 2147483647;
			files = (
				A5491D1428DB23D800778BB9 /* ViewController.swift in Sources */,
				A585083128DB2738007D516F /* TableViewCell.swift in Sources */,
				A5491D1028DB23D800778BB9 /* AppDelegate.swift in Sources */,
				A5491D1228DB23D800778BB9 /* SceneDelegate.swift in Sources */,
			);
			runOnlyForDeploymentPostprocessing = 0;
		};
		A5491D1E28DB23DB00778BB9 /* Sources */ = {
			isa = PBXSourcesBuildPhase;
			buildActionMask = 2147483647;
			files = (
				A5491D2728DB23DB00778BB9 /* AssesmentTestTests.swift in Sources */,
			);
			runOnlyForDeploymentPostprocessing = 0;
		};
		A5491D2828DB23DB00778BB9 /* Sources */ = {
			isa = PBXSourcesBuildPhase;
			buildActionMask = 2147483647;
			files = (
				A5491D3328DB23DB00778BB9 /* AssesmentTestUITestsLaunchTests.swift in Sources */,
				A5491D3128DB23DB00778BB9 /* AssesmentTestUITests.swift in Sources */,
			);
			runOnlyForDeploymentPostprocessing = 0;
		};
/* End PBXSourcesBuildPhase section */

/* Begin PBXTargetDependency section */
		A5491D2428DB23DB00778BB9 /* PBXTargetDependency */ = {
			isa = PBXTargetDependency;
			target = A5491D0B28DB23D800778BB9 /* AssesmentTest */;
			targetProxy = A5491D2328DB23DB00778BB9 /* PBXContainerItemProxy */;
		};
		A5491D2E28DB23DB00778BB9 /* PBXTargetDependency */ = {
			isa = PBXTargetDependency;
			target = A5491D0B28DB23D800778BB9 /* AssesmentTest */;
			targetProxy = A5491D2D28DB23DB00778BB9 /* PBXContainerItemProxy */;
		};
/* End PBXTargetDependency section */

/* Begin PBXVariantGroup section */
		A5491D1528DB23D800778BB9 /* Main.storyboard */ = {
			isa = PBXVariantGroup;
			children = (
				A5491D1628DB23D800778BB9 /* Base */,
			);
			name = Main.storyboard;
			sourceTree = "<group>";
		};
		A5491D1A28DB23DA00778BB9 /* LaunchScreen.storyboard */ = {
			isa = PBXVariantGroup;
			children = (
				A5491D1B28DB23DA00778BB9 /* Base */,
			);
			name = LaunchScreen.storyboard;
			sourceTree = "<group>";
		};
/* End PBXVariantGroup section */

/* Begin XCBuildConfiguration section */
		A5491D3428DB23DB00778BB9 /* Debug */ = {
			isa = XCBuildConfiguration;
			buildSettings = {
				ALWAYS_SEARCH_USER_PATHS = NO;
				CLANG_ANALYZER_NONNULL = YES;
				CLANG_ANALYZER_NUMBER_OBJECT_CONVERSION = YES_AGGRESSIVE;
				CLANG_CXX_LANGUAGE_STANDARD = "gnu++20";
				CLANG_ENABLE_MODULES = YES;
				CLANG_ENABLE_OBJC_ARC = YES;
				CLANG_ENABLE_OBJC_WEAK = YES;
				CLANG_WARN_BLOCK_CAPTURE_AUTORELEASING = YES;
				CLANG_WARN_BOOL_CONVERSION = YES;
				CLANG_WARN_COMMA = YES;
				CLANG_WARN_CONSTANT_CONVERSION = YES;
				CLANG_WARN_DEPRECATED_OBJC_IMPLEMENTATIONS = YES;
				CLANG_WARN_DIRECT_OBJC_ISA_USAGE = YES_ERROR;
				CLANG_WARN_DOCUMENTATION_COMMENTS = YES;
				CLANG_WARN_EMPTY_BODY = YES;
				CLANG_WARN_ENUM_CONVERSION = YES;
				CLANG_WARN_INFINITE_RECURSION = YES;
				CLANG_WARN_INT_CONVERSION = YES;
				CLANG_WARN_NON_LITERAL_NULL_CONVERSION = YES;
				CLANG_WARN_OBJC_IMPLICIT_RETAIN_SELF = YES;
				CLANG_WARN_OBJC_LITERAL_CONVERSION = YES;
				CLANG_WARN_OBJC_ROOT_CLASS = YES_ERROR;
				CLANG_WARN_QUOTED_INCLUDE_IN_FRAMEWORK_HEADER = YES;
				CLANG_WARN_RANGE_LOOP_ANALYSIS = YES;
				CLANG_WARN_STRICT_PROTOTYPES = YES;
				CLANG_WARN_SUSPICIOUS_MOVE = YES;
				CLANG_WARN_UNGUARDED_AVAILABILITY = YES_AGGRESSIVE;
				CLANG_WARN_UNREACHABLE_CODE = YES;
				CLANG_WARN__DUPLICATE_METHOD_MATCH = YES;
				COPY_PHASE_STRIP = NO;
				DEBUG_INFORMATION_FORMAT = dwarf;
				ENABLE_STRICT_OBJC_MSGSEND = YES;
				ENABLE_TESTABILITY = YES;
				GCC_C_LANGUAGE_STANDARD = gnu11;
				GCC_DYNAMIC_NO_PIC = NO;
				GCC_NO_COMMON_BLOCKS = YES;
				GCC_OPTIMIZATION_LEVEL = 0;
				GCC_PREPROCESSOR_DEFINITIONS = (
					"DEBUG=1",
					"$(inherited)",
				);
				GCC_WARN_64_TO_32_BIT_CONVERSION = YES;
				GCC_WARN_ABOUT_RETURN_TYPE = YES_ERROR;
				GCC_WARN_UNDECLARED_SELECTOR = YES;
				GCC_WARN_UNINITIALIZED_AUTOS = YES_AGGRESSIVE;
				GCC_WARN_UNUSED_FUNCTION = YES;
				GCC_WARN_UNUSED_VARIABLE = YES;
				IPHONEOS_DEPLOYMENT_TARGET = 16.0;
				MTL_ENABLE_DEBUG_INFO = INCLUDE_SOURCE;
				MTL_FAST_MATH = YES;
				ONLY_ACTIVE_ARCH = YES;
				SDKROOT = iphoneos;
				SWIFT_ACTIVE_COMPILATION_CONDITIONS = DEBUG;
				SWIFT_OPTIMIZATION_LEVEL = "-Onone";
			};
			name = Debug;
		};
		A5491D3528DB23DB00778BB9 /* Release */ = {
			isa = XCBuildConfiguration;
			buildSettings = {
				ALWAYS_SEARCH_USER_PATHS = NO;
				CLANG_ANALYZER_NONNULL = YES;
				CLANG_ANALYZER_NUMBER_OBJECT_CONVERSION = YES_AGGRESSIVE;
				CLANG_CXX_LANGUAGE_STANDARD = "gnu++20";
				CLANG_ENABLE_MODULES = YES;
				CLANG_ENABLE_OBJC_ARC = YES;
				CLANG_ENABLE_OBJC_WEAK = YES;
				CLANG_WARN_BLOCK_CAPTURE_AUTORELEASING = YES;
				CLANG_WARN_BOOL_CONVERSION = YES;
				CLANG_WARN_COMMA = YES;
				CLANG_WARN_CONSTANT_CONVERSION = YES;
				CLANG_WARN_DEPRECATED_OBJC_IMPLEMENTATIONS = YES;
				CLANG_WARN_DIRECT_OBJC_ISA_USAGE = YES_ERROR;
				CLANG_WARN_DOCUMENTATION_COMMENTS = YES;
				CLANG_WARN_EMPTY_BODY = YES;
				CLANG_WARN_ENUM_CONVERSION = YES;
				CLANG_WARN_INFINITE_RECURSION = YES;
				CLANG_WARN_INT_CONVERSION = YES;
				CLANG_WARN_NON_LITERAL_NULL_CONVERSION = YES;
				CLANG_WARN_OBJC_IMPLICIT_RETAIN_SELF = YES;
				CLANG_WARN_OBJC_LITERAL_CONVERSION = YES;
				CLANG_WARN_OBJC_ROOT_CLASS = YES_ERROR;
				CLANG_WARN_QUOTED_INCLUDE_IN_FRAMEWORK_HEADER = YES;
				CLANG_WARN_RANGE_LOOP_ANALYSIS = YES;
				CLANG_WARN_STRICT_PROTOTYPES = YES;
				CLANG_WARN_SUSPICIOUS_MOVE = YES;
				CLANG_WARN_UNGUARDED_AVAILABILITY = YES_AGGRESSIVE;
				CLANG_WARN_UNREACHABLE_CODE = YES;
				CLANG_WARN__DUPLICATE_METHOD_MATCH = YES;
				COPY_PHASE_STRIP = NO;
				DEBUG_INFORMATION_FORMAT = "dwarf-with-dsym";
				ENABLE_NS_ASSERTIONS = NO;
				ENABLE_STRICT_OBJC_MSGSEND = YES;
				GCC_C_LANGUAGE_STANDARD = gnu11;
				GCC_NO_COMMON_BLOCKS = YES;
				GCC_WARN_64_TO_32_BIT_CONVERSION = YES;
				GCC_WARN_ABOUT_RETURN_TYPE = YES_ERROR;
				GCC_WARN_UNDECLARED_SELECTOR = YES;
				GCC_WARN_UNINITIALIZED_AUTOS = YES_AGGRESSIVE;
				GCC_WARN_UNUSED_FUNCTION = YES;
				GCC_WARN_UNUSED_VARIABLE = YES;
				IPHONEOS_DEPLOYMENT_TARGET = 16.0;
				MTL_ENABLE_DEBUG_INFO = NO;
				MTL_FAST_MATH = YES;
				SDKROOT = iphoneos;
				SWIFT_COMPILATION_MODE = wholemodule;
				SWIFT_OPTIMIZATION_LEVEL = "-O";
				VALIDATE_PRODUCT = YES;
			};
			name = Release;
		};
		A5491D3728DB23DB00778BB9 /* Debug */ = {
			isa = XCBuildConfiguration;
			buildSettings = {
				ASSETCATALOG_COMPILER_APPICON_NAME = AppIcon;
				ASSETCATALOG_COMPILER_GLOBAL_ACCENT_COLOR_NAME = AccentColor;
				CODE_SIGN_STYLE = Automatic;
				CURRENT_PROJECT_VERSION = 1;
				GENERATE_INFOPLIST_FILE = YES;
				INFOPLIST_FILE = AssesmentTest/Info.plist;
				INFOPLIST_KEY_UIApplicationSupportsIndirectInputEvents = YES;
				INFOPLIST_KEY_UILaunchStoryboardName = LaunchScreen;
				INFOPLIST_KEY_UIMainStoryboardFile = Main;
				INFOPLIST_KEY_UISupportedInterfaceOrientations_iPad = "UIInterfaceOrientationPortrait UIInterfaceOrientationPortraitUpsideDown UIInterfaceOrientationLandscapeLeft UIInterfaceOrientationLandscapeRight";
				INFOPLIST_KEY_UISupportedInterfaceOrientations_iPhone = "UIInterfaceOrientationPortrait UIInterfaceOrientationLandscapeLeft UIInterfaceOrientationLandscapeRight";
				LD_RUNPATH_SEARCH_PATHS = (
					"$(inherited)",
					"@executable_path/Frameworks",
				);
				MARKETING_VERSION = 1.0;
				PRODUCT_BUNDLE_IDENTIFIER = demo.AssesmentTest;
				PRODUCT_NAME = "$(TARGET_NAME)";
				SWIFT_EMIT_LOC_STRINGS = YES;
				SWIFT_VERSION = 5.0;
				TARGETED_DEVICE_FAMILY = "1,2";
			};
			name = Debug;
		};
		A5491D3828DB23DB00778BB9 /* Release */ = {
			isa = XCBuildConfiguration;
			buildSettings = {
				ASSETCATALOG_COMPILER_APPICON_NAME = AppIcon;
				ASSETCATALOG_COMPILER_GLOBAL_ACCENT_COLOR_NAME = AccentColor;
				CODE_SIGN_STYLE = Automatic;
				CURRENT_PROJECT_VERSION = 1;
				GENERATE_INFOPLIST_FILE = YES;
				INFOPLIST_FILE = AssesmentTest/Info.plist;
				INFOPLIST_KEY_UIApplicationSupportsIndirectInputEvents = YES;
				INFOPLIST_KEY_UILaunchStoryboardName = LaunchScreen;
				INFOPLIST_KEY_UIMainStoryboardFile = Main;
				INFOPLIST_KEY_UISupportedInterfaceOrientations_iPad = "UIInterfaceOrientationPortrait UIInterfaceOrientationPortraitUpsideDown UIInterfaceOrientationLandscapeLeft UIInterfaceOrientationLandscapeRight";
				INFOPLIST_KEY_UISupportedInterfaceOrientations_iPhone = "UIInterfaceOrientationPortrait UIInterfaceOrientationLandscapeLeft UIInterfaceOrientationLandscapeRight";
				LD_RUNPATH_SEARCH_PATHS = (
					"$(inherited)",
					"@executable_path/Frameworks",
				);
				MARKETING_VERSION = 1.0;
				PRODUCT_BUNDLE_IDENTIFIER = demo.AssesmentTest;
				PRODUCT_NAME = "$(TARGET_NAME)";
				SWIFT_EMIT_LOC_STRINGS = YES;
				SWIFT_VERSION = 5.0;
				TARGETED_DEVICE_FAMILY = "1,2";
			};
			name = Release;
		};
		A5491D3A28DB23DB00778BB9 /* Debug */ = {
			isa = XCBuildConfiguration;
			buildSettings = {
				ALWAYS_EMBED_SWIFT_STANDARD_LIBRARIES = YES;
				BUNDLE_LOADER = "$(TEST_HOST)";
				CODE_SIGN_STYLE = Automatic;
				CURRENT_PROJECT_VERSION = 1;
				GENERATE_INFOPLIST_FILE = YES;
				IPHONEOS_DEPLOYMENT_TARGET = 16.0;
				MARKETING_VERSION = 1.0;
				PRODUCT_BUNDLE_IDENTIFIER = demo.AssesmentTestTests;
				PRODUCT_NAME = "$(TARGET_NAME)";
				SWIFT_EMIT_LOC_STRINGS = NO;
				SWIFT_VERSION = 5.0;
				TARGETED_DEVICE_FAMILY = "1,2";
				TEST_HOST = "$(BUILT_PRODUCTS_DIR)/AssesmentTest.app/$(BUNDLE_EXECUTABLE_FOLDER_PATH)/AssesmentTest";
			};
			name = Debug;
		};
		A5491D3B28DB23DB00778BB9 /* Release */ = {
			isa = XCBuildConfiguration;
			buildSettings = {
				ALWAYS_EMBED_SWIFT_STANDARD_LIBRARIES = YES;
				BUNDLE_LOADER = "$(TEST_HOST)";
				CODE_SIGN_STYLE = Automatic;
				CURRENT_PROJECT_VERSION = 1;
				GENERATE_INFOPLIST_FILE = YES;
				IPHONEOS_DEPLOYMENT_TARGET = 16.0;
				MARKETING_VERSION = 1.0;
				PRODUCT_BUNDLE_IDENTIFIER = demo.AssesmentTestTests;
				PRODUCT_NAME = "$(TARGET_NAME)";
				SWIFT_EMIT_LOC_STRINGS = NO;
				SWIFT_VERSION = 5.0;
				TARGETED_DEVICE_FAMILY = "1,2";
				TEST_HOST = "$(BUILT_PRODUCTS_DIR)/AssesmentTest.app/$(BUNDLE_EXECUTABLE_FOLDER_PATH)/AssesmentTest";
			};
			name = Release;
		};
		A5491D3D28DB23DB00778BB9 /* Debug */ = {
			isa = XCBuildConfiguration;
			buildSettings = {
				ALWAYS_EMBED_SWIFT_STANDARD_LIBRARIES = YES;
				CODE_SIGN_STYLE = Automatic;
				CURRENT_PROJECT_VERSION = 1;
				GENERATE_INFOPLIST_FILE = YES;
				MARKETING_VERSION = 1.0;
				PRODUCT_BUNDLE_IDENTIFIER = demo.AssesmentTestUITests;
				PRODUCT_NAME = "$(TARGET_NAME)";
				SWIFT_EMIT_LOC_STRINGS = NO;
				SWIFT_VERSION = 5.0;
				TARGETED_DEVICE_FAMILY = "1,2";
				TEST_TARGET_NAME = AssesmentTest;
			};
			name = Debug;
		};
		A5491D3E28DB23DB00778BB9 /* Release */ = {
			isa = XCBuildConfiguration;
			buildSettings = {
				ALWAYS_EMBED_SWIFT_STANDARD_LIBRARIES = YES;
				CODE_SIGN_STYLE = Automatic;
				CURRENT_PROJECT_VERSION = 1;
				GENERATE_INFOPLIST_FILE = YES;
				MARKETING_VERSION = 1.0;
				PRODUCT_BUNDLE_IDENTIFIER = demo.AssesmentTestUITests;
				PRODUCT_NAME = "$(TARGET_NAME)";
				SWIFT_EMIT_LOC_STRINGS = NO;
				SWIFT_VERSION = 5.0;
				TARGETED_DEVICE_FAMILY = "1,2";
				TEST_TARGET_NAME = AssesmentTest;
			};
			name = Release;
		};
/* End XCBuildConfiguration section */

/* Begin XCConfigurationList section */
		A5491D0728DB23D800778BB9 /* Build configuration list for PBXProject "AssesmentTest" */ = {
			isa = XCConfigurationList;
			buildConfigurations = (
				A5491D3428DB23DB00778BB9 /* Debug */,
				A5491D3528DB23DB00778BB9 /* Release */,
			);
			defaultConfigurationIsVisible = 0;
			defaultConfigurationName = Release;
		};
		A5491D3628DB23DB00778BB9 /* Build configuration list for PBXNativeTarget "AssesmentTest" */ = {
			isa = XCConfigurationList;
			buildConfigurations = (
				A5491D3728DB23DB00778BB9 /* Debug */,
				A5491D3828DB23DB00778BB9 /* Release */,
			);
			defaultConfigurationIsVisible = 0;
			defaultConfigurationName = Release;
		};
		A5491D3928DB23DB00778BB9 /* Build configuration list for PBXNativeTarget "AssesmentTestTests" */ = {
			isa = XCConfigurationList;
			buildConfigurations = (
				A5491D3A28DB23DB00778BB9 /* Debug */,
				A5491D3B28DB23DB00778BB9 /* Release */,
			);
			defaultConfigurationIsVisible = 0;
			defaultConfigurationName = Release;
		};
		A5491D3C28DB23DB00778BB9 /* Build configuration list for PBXNativeTarget "AssesmentTestUITests" */ = {
			isa = XCConfigurationList;
			buildConfigurations = (
				A5491D3D28DB23DB00778BB9 /* Debug */,
				A5491D3E28DB23DB00778BB9 /* Release */,
			);
			defaultConfigurationIsVisible = 0;
			defaultConfigurationName = Release;
		};
/* End XCConfigurationList section */
	};
	rootObject = A5491D0428DB23D800778BB9 /* Project object */;
}
